// !$*UTF8*$!
{
	archiveVersion = 1;
	classes = {
	};
	objectVersion = 77;
	objects = {

/* Begin PBXBuildFile section */
		91E722A82F6ED6F700607892 /* AppDelegate.swift in Sources */ = {isa = PBXBuildFile; fileRef = 91E722A72F6ED6F700607892 /* AppDelegate.swift */; };
		91E722AA2F6ED6F700607892 /* SceneDelegate.swift in Sources */ = {isa = PBXBuildFile; fileRef = 91E722A92F6ED6F700607892 /* SceneDelegate.swift */; };
		91E722AD2F6ED6F700607892 /* LaunchScreen.storyboard in Resources */ = {isa = PBXBuildFile; fileRef = 91E722AB2F6ED6F700607892 /* LaunchScreen.storyboard */; };
		91E722B02F6ED6F700607892 /* Main.storyboard in Resources */ = {isa = PBXBuildFile; fileRef = 91E722AE2F6ED6F700607892 /* Main.storyboard */; };
		91E722B92F6ED6F700607892 /* AppDelegate.swift in Sources */ = {isa = PBXBuildFile; fileRef = 91E722B82F6ED6F700607892 /* AppDelegate.swift */; };
		91E722BC2F6ED6F700607892 /* Main.storyboard in Resources */ = {isa = PBXBuildFile; fileRef = 91E722BA2F6ED6F700607892 /* Main.storyboard */; };
		91E722C32F6ED6F700607892 /* AI Translator Extension.appex in Embed Foundation Extensions */ = {isa = PBXBuildFile; fileRef = 91E722C22F6ED6F700607892 /* AI Translator Extension.appex */; settings = {ATTRIBUTES = (RemoveHeadersOnCopy, ); }; };
		91E722CD2F6ED6F700607892 /* AI Translator Extension.appex in Embed Foundation Extensions */ = {isa = PBXBuildFile; fileRef = 91E722CC2F6ED6F700607892 /* AI Translator Extension.appex */; settings = {ATTRIBUTES = (RemoveHeadersOnCopy, ); }; };
		91E722D22F6ED6F700607892 /* Main.html in Resources */ = {isa = PBXBuildFile; fileRef = 91E722972F6ED6F600607892 /* Main.html */; };
		91E722D32F6ED6F700607892 /* Main.html in Resources */ = {isa = PBXBuildFile; fileRef = 91E722972F6ED6F600607892 /* Main.html */; };
		91E722D42F6ED6F700607892 /* Icon.png in Resources */ = {isa = PBXBuildFile; fileRef = 91E722992F6ED6F600607892 /* Icon.png */; };
		91E722D52F6ED6F700607892 /* Icon.png in Resources */ = {isa = PBXBuildFile; fileRef = 91E722992F6ED6F600607892 /* Icon.png */; };
		91E722D62F6ED6F700607892 /* Style.css in Resources */ = {isa = PBXBuildFile; fileRef = 91E7229A2F6ED6F600607892 /* Style.css */; };
		91E722D72F6ED6F700607892 /* Style.css in Resources */ = {isa = PBXBuildFile; fileRef = 91E7229A2F6ED6F600607892 /* Style.css */; };
		91E722D82F6ED6F700607892 /* Script.js in Resources */ = {isa = PBXBuildFile; fileRef = 91E7229B2F6ED6F600607892 /* Script.js */; };
		91E722D92F6ED6F700607892 /* Script.js in Resources */ = {isa = PBXBuildFile; fileRef = 91E7229B2F6ED6F600607892 /* Script.js */; };
		91E722DA2F6ED6F700607892 /* ViewController.swift in Sources */ = {isa = PBXBuildFile; fileRef = 91E7229C2F6ED6F600607892 /* ViewController.swift */; };
		91E722DB2F6ED6F700607892 /* ViewController.swift in Sources */ = {isa = PBXBuildFile; fileRef = 91E7229C2F6ED6F600607892 /* ViewController.swift */; };
		91E722DC2F6ED6F700607892 /* Assets.xcassets in Resources */ = {isa = PBXBuildFile; fileRef = 91E7229D2F6ED6F600607892 /* Assets.xcassets */; };
		91E722DD2F6ED6F700607892 /* Assets.xcassets in Resources */ = {isa = PBXBuildFile; fileRef = 91E7229D2F6ED6F600607892 /* Assets.xcassets */; };
		91E722DE2F6ED6F700607892 /* SafariWebExtensionHandler.swift in Sources */ = {isa = PBXBuildFile; fileRef = 91E7229F2F6ED6F600607892 /* SafariWebExtensionHandler.swift */; };
		91E722DF2F6ED6F700607892 /* SafariWebExtensionHandler.swift in Sources */ = {isa = PBXBuildFile; fileRef = 91E7229F2F6ED6F600607892 /* SafariWebExtensionHandler.swift */; };
		91E722FD2F6ED6F700607892 /* api-adapter.js in Resources */ = {isa = PBXBuildFile; fileRef = 91E722F12F6ED6F700607892 /* api-adapter.js */; };
		91E722FE2F6ED6F700607892 /* translator.css in Resources */ = {isa = PBXBuildFile; fileRef = 91E722F22F6ED6F700607892 /* translator.css */; };
		91E722FF2F6ED6F700607892 /* popup.js in Resources */ = {isa = PBXBuildFile; fileRef = 91E722F32F6ED6F700607892 /* popup.js */; };
		91E723002F6ED6F700607892 /* background.js in Resources */ = {isa = PBXBuildFile; fileRef = 91E722F42F6ED6F700607892 /* background.js */; };
		91E723012F6ED6F700607892 /* popup.html in Resources */ = {isa = PBXBuildFile; fileRef = 91E722F52F6ED6F700607892 /* popup.html */; };
		91E723022F6ED6F700607892 /* config.js in Resources */ = {isa = PBXBuildFile; fileRef = 91E722F62F6ED6F700607892 /* config.js */; };
		91E723032F6ED6F700607892 /* icons in Resources */ = {isa = PBXBuildFile; fileRef = 91E722F72F6ED6F700607892 /* icons */; };
		91E723042F6ED6F700607892 /* welcome.html in Resources */ = {isa = PBXBuildFile; fileRef = 91E722F82F6ED6F700607892 /* welcome.html */; };
		91E723052F6ED6F700607892 /* manifest.json in Resources */ = {isa = PBXBuildFile; fileRef = 91E722F92F6ED6F700607892 /* manifest.json */; };
		91E723062F6ED6F700607892 /* popup.css in Resources */ = {isa = PBXBuildFile; fileRef = 91E722FA2F6ED6F700607892 /* popup.css */; };
		91E723072F6ED6F700607892 /* content.js in Resources */ = {isa = PBXBuildFile; fileRef = 91E722FB2F6ED6F700607892 /* content.js */; };
		91E723082F6ED6F700607892 /* view-mapping.js in Resources */ = {isa = PBXBuildFile; fileRef = 91E722FC2F6ED6F700607892 /* view-mapping.js */; };
		91E723092F6ED6F700607892 /* api-adapter.js in Resources */ = {isa = PBXBuildFile; fileRef = 91E722F12F6ED6F700607892 /* api-adapter.js */; };
		91E7230A2F6ED6F700607892 /* translator.css in Resources */ = {isa = PBXBuildFile; fileRef = 91E722F22F6ED6F700607892 /* translator.css */; };
		91E7230B2F6ED6F700607892 /* popup.js in Resources */ = {isa = PBXBuildFile; fileRef = 91E722F32F6ED6F700607892 /* popup.js */; };
		91E7230C2F6ED6F700607892 /* background.js in Resources */ = {isa = PBXBuildFile; fileRef = 91E722F42F6ED6F700607892 /* background.js */; };
		91E7230D2F6ED6F700607892 /* popup.html in Resources */ = {isa = PBXBuildFile; fileRef = 91E722F52F6ED6F700607892 /* popup.html */; };
		91E7230E2F6ED6F700607892 /* config.js in Resources */ = {isa = PBXBuildFile; fileRef = 91E722F62F6ED6F700607892 /* config.js */; };
		91E7230F2F6ED6F700607892 /* icons in Resources */ = {isa = PBXBuildFile; fileRef = 91E722F72F6ED6F700607892 /* icons */; };
		91E723102F6ED6F700607892 /* welcome.html in Resources */ = {isa = PBXBuildFile; fileRef = 91E722F82F6ED6F700607892 /* welcome.html */; };
		91E723112F6ED6F700607892 /* manifest.json in Resources */ = {isa = PBXBuildFile; fileRef = 91E722F92F6ED6F700607892 /* manifest.json */; };
		91E723122F6ED6F700607892 /* popup.css in Resources */ = {isa = PBXBuildFile; fileRef = 91E722FA2F6ED6F700607892 /* popup.css */; };
		91E723132F6ED6F700607892 /* content.js in Resources */ = {isa = PBXBuildFile; fileRef = 91E722FB2F6ED6F700607892 /* content.js */; };
		91E723142F6ED6F700607892 /* view-mapping.js in Resources */ = {isa = PBXBuildFile; fileRef = 91E722FC2F6ED6F700607892 /* view-mapping.js */; };
/* End PBXBuildFile section */

/* Begin PBXContainerItemProxy section */
		91E722C42F6ED6F700607892 /* PBXContainerItemProxy */ = {
			isa = PBXContainerItemProxy;
			containerPortal = 91E722912F6ED6F600607892 /* Project object */;
			proxyType = 1;
			remoteGlobalIDString = 91E722C12F6ED6F700607892;
			remoteInfo = "AI Translator Extension (iOS)";
		};
		91E722CE2F6ED6F700607892 /* PBXContainerItemProxy */ = {
			isa = PBXContainerItemProxy;
			containerPortal = 91E722912F6ED6F600607892 /* Project object */;
			proxyType = 1;
			remoteGlobalIDString = 91E722CB2F6ED6F700607892;
			remoteInfo = "AI Translator Extension (macOS)";
		};
/* End PBXContainerItemProxy section */

/* Begin PBXCopyFilesBuildPhase section */
		91E722E52F6ED6F700607892 /* Embed Foundation Extensions */ = {
			isa = PBXCopyFilesBuildPhase;
			buildActionMask = 2147483647;
			dstPath = "";
			dstSubfolderSpec = 13;
			files = (
				91E722C32F6ED6F700607892 /* AI Translator Extension.appex in Embed Foundation Extensions */,
			);
			name = "Embed Foundation Extensions";
			runOnlyForDeploymentPostprocessing = 0;
		};
		91E722EC2F6ED6F700607892 /* Embed Foundation Extensions */ = {
			isa = PBXCopyFilesBuildPhase;
			buildActionMask = 2147483647;
			dstPath = "";
			dstSubfolderSpec = 13;
			files = (
				91E722CD2F6ED6F700607892 /* AI Translator Extension.appex in Embed Foundation Extensions */,
			);
			name = "Embed Foundation Extensions";
			runOnlyForDeploymentPostprocessing = 0;
		};
/* End PBXCopyFilesBuildPhase section */

/* Begin PBXFileReference section */
		91E722982F6ED6F600607892 /* Base */ = {isa = PBXFileReference; lastKnownFileType = text.html; name = Base; path = Base.lproj/Main.html; sourceTree = "<group>"; };
		91E722992F6ED6F600607892 /* Icon.png */ = {isa = PBXFileReference; lastKnownFileType = image.png; path = Icon.png; sourceTree = "<group>"; };
		91E7229A2F6ED6F600607892 /* Style.css */ = {isa = PBXFileReference; lastKnownFileType = text.css; path = Style.css; sourceTree = "<group>"; };
		91E7229B2F6ED6F600607892 /* Script.js */ = {isa = PBXFileReference; lastKnownFileType = sourcecode.javascript; path = Script.js; sourceTree = "<group>"; };
		91E7229C2F6ED6F600607892 /* ViewController.swift */ = {isa = PBXFileReference; lastKnownFileType = sourcecode.swift; path = ViewController.swift; sourceTree = "<group>"; };
		91E7229D2F6ED6F600607892 /* Assets.xcassets */ = {isa = PBXFileReference; lastKnownFileType = folder.assetcatalog; path = Assets.xcassets; sourceTree = "<group>"; };
		91E7229F2F6ED6F600607892 /* SafariWebExtensionHandler.swift */ = {isa = PBXFileReference; lastKnownFileType = sourcecode.swift; path = SafariWebExtensionHandler.swift; sourceTree = "<group>"; };
		91E722A42F6ED6F700607892 /* AI Translator.app */ = {isa = PBXFileReference; explicitFileType = wrapper.application; includeInIndex = 0; path = "AI Translator.app"; sourceTree = BUILT_PRODUCTS_DIR; };
		91E722A72F6ED6F700607892 /* AppDelegate.swift */ = {isa = PBXFileReference; lastKnownFileType = sourcecode.swift; path = AppDelegate.swift; sourceTree = "<group>"; };
		91E722A92F6ED6F700607892 /* SceneDelegate.swift */ = {isa = PBXFileReference; lastKnownFileType = sourcecode.swift; path = SceneDelegate.swift; sourceTree = "<group>"; };
		91E722AC2F6ED6F700607892 /* Base */ = {isa = PBXFileReference; lastKnownFileType = file.storyboard; name = Base; path = Base.lproj/LaunchScreen.storyboard; sourceTree = "<group>"; };
		91E722AF2F6ED6F700607892 /* Base */ = {isa = PBXFileReference; lastKnownFileType = file.storyboard; name = Base; path = Base.lproj/Main.storyboard; sourceTree = "<group>"; };
		91E722B12F6ED6F700607892 /* Info.plist */ = {isa = PBXFileReference; lastKnownFileType = text.plist.xml; path = Info.plist; sourceTree = "<group>"; };
		91E722B62F6ED6F700607892 /* AI Translator.app */ = {isa = PBXFileReference; explicitFileType = wrapper.application; includeInIndex = 0; path = "AI Translator.app"; sourceTree = BUILT_PRODUCTS_DIR; };
		91E722B82F6ED6F700607892 /* AppDelegate.swift */ = {isa = PBXFileReference; lastKnownFileType = sourcecode.swift; path = AppDelegate.swift; sourceTree = "<group>"; };
		91E722BB2F6ED6F700607892 /* Base */ = {isa = PBXFileReference; lastKnownFileType = file.storyboard; name = Base; path = Base.lproj/Main.storyboard; sourceTree = "<group>"; };
		91E722BD2F6ED6F700607892 /* Info.plist */ = {isa = PBXFileReference; lastKnownFileType = text.plist.xml; path = Info.plist; sourceTree = "<group>"; };
		91E722C22F6ED6F700607892 /* AI Translator Extension.appex */ = {isa = PBXFileReference; explicitFileType = "wrapper.app-extension"; includeInIndex = 0; path = "AI Translator Extension.appex"; sourceTree = BUILT_PRODUCTS_DIR; };
		91E722C72F6ED6F700607892 /* Info.plist */ = {isa = PBXFileReference; lastKnownFileType = text.plist.xml; path = Info.plist; sourceTree = "<group>"; };
		91E722CC2F6ED6F700607892 /* AI Translator Extension.appex */ = {isa = PBXFileReference; explicitFileType = "wrapper.app-extension"; includeInIndex = 0; path = "AI Translator Extension.appex"; sourceTree = BUILT_PRODUCTS_DIR; };
		91E722D12F6ED6F700607892 /* Info.plist */ = {isa = PBXFileReference; lastKnownFileType = text.plist.xml; path = Info.plist; sourceTree = "<group>"; };
		91E722F12F6ED6F700607892 /* api-adapter.js */ = {isa = PBXFileReference; lastKnownFileType = sourcecode.javascript; name = "api-adapter.js"; path = "../../../chrome/api-adapter.js"; sourceTree = "<group>"; };
		91E722F22F6ED6F700607892 /* translator.css */ = {isa = PBXFileReference; lastKnownFileType = text.css; name = translator.css; path = ../../../chrome/translator.css; sourceTree = "<group>"; };
		91E722F32F6ED6F700607892 /* popup.js */ = {isa = PBXFileReference; lastKnownFileType = sourcecode.javascript; name = popup.js; path = ../../../chrome/popup.js; sourceTree = "<group>"; };
		91E722F42F6ED6F700607892 /* background.js */ = {isa = PBXFileReference; lastKnownFileType = sourcecode.javascript; name = background.js; path = ../../../chrome/background.js; sourceTree = "<group>"; };
		91E722F52F6ED6F700607892 /* popup.html */ = {isa = PBXFileReference; lastKnownFileType = text.html; name = popup.html; path = ../../../chrome/popup.html; sourceTree = "<group>"; };
		91E722F62F6ED6F700607892 /* config.js */ = {isa = PBXFileReference; lastKnownFileType = sourcecode.javascript; name = config.js; path = ../../../chrome/config.js; sourceTree = "<group>"; };
		91E722F72F6ED6F700607892 /* icons */ = {isa = PBXFileReference; lastKnownFileType = folder; name = icons; path = ../../../chrome/icons; sourceTree = "<group>"; };
		91E722F82F6ED6F700607892 /* welcome.html */ = {isa = PBXFileReference; lastKnownFileType = text.html; name = welcome.html; path = ../../../chrome/welcome.html; sourceTree = "<group>"; };
		91E722F92F6ED6F700607892 /* manifest.json */ = {isa = PBXFileReference; lastKnownFileType = text.json; name = manifest.json; path = ../../../chrome/manifest.json; sourceTree = "<group>"; };
		91E722FA2F6ED6F700607892 /* popup.css */ = {isa = PBXFileReference; lastKnownFileType = text.css; name = popup.css; path = ../../../chrome/popup.css; sourceTree = "<group>"; };
		91E722FB2F6ED6F700607892 /* content.js */ = {isa = PBXFileReference; lastKnownFileType = sourcecode.javascript; name = content.js; path = ../../../chrome/content.js; sourceTree = "<group>"; };
		91E722FC2F6ED6F700607892 /* view-mapping.js */ = {isa = PBXFileReference; lastKnownFileType = sourcecode.javascript; name = "view-mapping.js"; path = "../../../chrome/view-mapping.js"; sourceTree = "<group>"; };
/* End PBXFileReference section */

/* Begin PBXFrameworksBuildPhase section */
		91E722A12F6ED6F700607892 /* Frameworks */ = {
			isa = PBXFrameworksBuildPhase;
			buildActionMask = 2147483647;
			files = (
			);
			runOnlyForDeploymentPostprocessing = 0;
		};
		91E722B32F6ED6F700607892 /* Frameworks */ = {
			isa = PBXFrameworksBuildPhase;
			buildActionMask = 2147483647;
			files = (
			);
			runOnlyForDeploymentPostprocessing = 0;
		};
		91E722BF2F6ED6F700607892 /* Frameworks */ = {
			isa = PBXFrameworksBuildPhase;
			buildActionMask = 2147483647;
			files = (
			);
			runOnlyForDeploymentPostprocessing = 0;
		};
		91E722C92F6ED6F700607892 /* Frameworks */ = {
			isa = PBXFrameworksBuildPhase;
			buildActionMask = 2147483647;
			files = (
			);
			runOnlyForDeploymentPostprocessing = 0;
		};
/* End PBXFrameworksBuildPhase section */

/* Begin PBXGroup section */
		91E722902F6ED6F600607892 = {
			isa = PBXGroup;
			children = (
				91E722952F6ED6F600607892 /* Shared (App) */,
				91E7229E2F6ED6F600607892 /* Shared (Extension) */,
				91E722A62F6ED6F700607892 /* iOS (App) */,
				91E722B72F6ED6F700607892 /* macOS (App) */,
				91E722C62F6ED6F700607892 /* iOS (Extension) */,
				91E722D02F6ED6F700607892 /* macOS (Extension) */,
				91E722A52F6ED6F700607892 /* Products */,
			);
			sourceTree = "<group>";
		};
		91E722952F6ED6F600607892 /* Shared (App) */ = {
			isa = PBXGroup;
			children = (
				91E7229C2F6ED6F600607892 /* ViewController.swift */,
				91E7229D2F6ED6F600607892 /* Assets.xcassets */,
				91E722962F6ED6F600607892 /* Resources */,
			);
			path = "Shared (App)";
			sourceTree = "<group>";
		};
		91E722962F6ED6F600607892 /* Resources */ = {
			isa = PBXGroup;
			children = (
				91E722972F6ED6F600607892 /* Main.html */,
				91E722992F6ED6F600607892 /* Icon.png */,
				91E7229A2F6ED6F600607892 /* Style.css */,
				91E7229B2F6ED6F600607892 /* Script.js */,
			);
			path = Resources;
			sourceTree = "<group>";
		};
		91E7229E2F6ED6F600607892 /* Shared (Extension) */ = {
			isa = PBXGroup;
			children = (
				91E722F02F6ED6F700607892 /* Resources */,
				91E7229F2F6ED6F600607892 /* SafariWebExtensionHandler.swift */,
			);
			path = "Shared (Extension)";
			sourceTree = "<group>";
		};
		91E722A52F6ED6F700607892 /* Products */ = {
			isa = PBXGroup;
			children = (
				91E722A42F6ED6F700607892 /* AI Translator.app */,
				91E722B62F6ED6F700607892 /* AI Translator.app */,
				91E722C22F6ED6F700607892 /* AI Translator Extension.appex */,
				91E722CC2F6ED6F700607892 /* AI Translator Extension.appex */,
			);
			name = Products;
			sourceTree = "<group>";
		};
		91E722A62F6ED6F700607892 /* iOS (App) */ = {
			isa = PBXGroup;
			children = (
				91E722A72F6ED6F700607892 /* AppDelegate.swift */,
				91E722A92F6ED6F700607892 /* SceneDelegate.swift */,
				91E722AB2F6ED6F700607892 /* LaunchScreen.storyboard */,
				91E722AE2F6ED6F700607892 /* Main.storyboard */,
				91E722B12F6ED6F700607892 /* Info.plist */,
			);
			path = "iOS (App)";
			sourceTree = "<group>";
		};
		91E722B72F6ED6F700607892 /* macOS (App) */ = {
			isa = PBXGroup;
			children = (
				91E722B82F6ED6F700607892 /* AppDelegate.swift */,
				91E722BA2F6ED6F700607892 /* Main.storyboard */,
				91E722BD2F6ED6F700607892 /* Info.plist */,
			);
			path = "macOS (App)";
			sourceTree = "<group>";
		};
		91E722C62F6ED6F700607892 /* iOS (Extension) */ = {
			isa = PBXGroup;
			children = (
				91E722C72F6ED6F700607892 /* Info.plist */,
			);
			path = "iOS (Extension)";
			sourceTree = "<group>";
		};
		91E722D02F6ED6F700607892 /* macOS (Extension) */ = {
			isa = PBXGroup;
			children = (
				91E722D12F6ED6F700607892 /* Info.plist */,
			);
			path = "macOS (Extension)";
			sourceTree = "<group>";
		};
		91E722F02F6ED6F700607892 /* Resources */ = {
			isa = PBXGroup;
			children = (
				91E722F12F6ED6F700607892 /* api-adapter.js */,
				91E722F22F6ED6F700607892 /* translator.css */,
				91E722F32F6ED6F700607892 /* popup.js */,
				91E722F42F6ED6F700607892 /* background.js */,
				91E722F52F6ED6F700607892 /* popup.html */,
				91E722F62F6ED6F700607892 /* config.js */,
				91E722F72F6ED6F700607892 /* icons */,
				91E722F82F6ED6F700607892 /* welcome.html */,
				91E722F92F6ED6F700607892 /* manifest.json */,
				91E722FA2F6ED6F700607892 /* popup.css */,
				91E722FB2F6ED6F700607892 /* content.js */,
				91E722FC2F6ED6F700607892 /* view-mapping.js */,
			);
			name = Resources;
			path = "Shared (Extension)";
			sourceTree = SOURCE_ROOT;
		};
/* End PBXGroup section */

/* Begin PBXNativeTarget section */
		91E722A32F6ED6F700607892 /* AI Translator (iOS) */ = {
			isa = PBXNativeTarget;
			buildConfigurationList = 91E722E62F6ED6F700607892 /* Build configuration list for PBXNativeTarget "AI Translator (iOS)" */;
			buildPhases = (
				91E722A02F6ED6F700607892 /* Sources */,
				91E722A12F6ED6F700607892 /* Frameworks */,
				91E722A22F6ED6F700607892 /* Resources */,
				91E722E52F6ED6F700607892 /* Embed Foundation Extensions */,
			);
			buildRules = (
			);
			dependencies = (
				91E722C52F6ED6F700607892 /* PBXTargetDependency */,
			);
			name = "AI Translator (iOS)";
			packageProductDependencies = (
			);
			productName = "AI Translator (iOS)";
			productReference = 91E722A42F6ED6F700607892 /* AI Translator.app */;
			productType = "com.apple.product-type.application";
		};
		91E722B52F6ED6F700607892 /* AI Translator (macOS) */ = {
			isa = PBXNativeTarget;
			buildConfigurationList = 91E722ED2F6ED6F700607892 /* Build configuration list for PBXNativeTarget "AI Translator (macOS)" */;
			buildPhases = (
				91E722B22F6ED6F700607892 /* Sources */,
				91E722B32F6ED6F700607892 /* Frameworks */,
				91E722B42F6ED6F700607892 /* Resources */,
				91E722EC2F6ED6F700607892 /* Embed Foundation Extensions */,
			);
			buildRules = (
			);
			dependencies = (
				91E722CF2F6ED6F700607892 /* PBXTargetDependency */,
			);
			name = "AI Translator (macOS)";
			packageProductDependencies = (
			);
			productName = "AI Translator (macOS)";
			productReference = 91E722B62F6ED6F700607892 /* AI Translator.app */;
			productType = "com.apple.product-type.application";
		};
		91E722C12F6ED6F700607892 /* AI Translator Extension (iOS) */ = {
			isa = PBXNativeTarget;
			buildConfigurationList = 91E722E22F6ED6F700607892 /* Build configuration list for PBXNativeTarget "AI Translator Extension (iOS)" */;
			buildPhases = (
				91E722BE2F6ED6F700607892 /* Sources */,
				91E722BF2F6ED6F700607892 /* Frameworks */,
				91E722C02F6ED6F700607892 /* Resources */,
			);
			buildRules = (
			);
			dependencies = (
			);
			name = "AI Translator Extension (iOS)";
			packageProductDependencies = (
			);
			productName = "AI Translator Extension (iOS)";
			productReference = 91E722C22F6ED6F700607892 /* AI Translator Extension.appex */;
			productType = "com.apple.product-type.app-extension";
		};
		91E722CB2F6ED6F700607892 /* AI Translator Extension (macOS) */ = {
			isa = PBXNativeTarget;
			buildConfigurationList = 91E722E92F6ED6F700607892 /* Build configuration list for PBXNativeTarget "AI Translator Extension (macOS)" */;
			buildPhases = (
				91E722C82F6ED6F700607892 /* Sources */,
				91E722C92F6ED6F700607892 /* Frameworks */,
				91E722CA2F6ED6F700607892 /* Resources */,
			);
			buildRules = (
			);
			dependencies = (
			);
			name = "AI Translator Extension (macOS)";
			packageProductDependencies = (
			);
			productName = "AI Translator Extension (macOS)";
			productReference = 91E722CC2F6ED6F700607892 /* AI Translator Extension.appex */;
			productType = "com.apple.product-type.app-extension";
		};
/* End PBXNativeTarget section */

/* Begin PBXProject section */
		91E722912F6ED6F600607892 /* Project object */ = {
			isa = PBXProject;
			attributes = {
				BuildIndependentTargetsInParallel = 1;
				LastSwiftUpdateCheck = 2630;
				LastUpgradeCheck = 2630;
				TargetAttributes = {
					91E722A32F6ED6F700607892 = {
						CreatedOnToolsVersion = 26.3;
					};
					91E722B52F6ED6F700607892 = {
						CreatedOnToolsVersion = 26.3;
					};
					91E722C12F6ED6F700607892 = {
						CreatedOnToolsVersion = 26.3;
					};
					91E722CB2F6ED6F700607892 = {
						CreatedOnToolsVersion = 26.3;
					};
				};
			};
			buildConfigurationList = 91E722942F6ED6F600607892 /* Build configuration list for PBXProject "AI Translator" */;
			developmentRegion = en;
			hasScannedForEncodings = 0;
			knownRegions = (
				en,
				Base,
			);
			mainGroup = 91E722902F6ED6F600607892;
			minimizedProjectReferenceProxies = 1;
			preferredProjectObjectVersion = 77;
			productRefGroup = 91E722A52F6ED6F700607892 /* Products */;
			projectDirPath = "";
			projectRoot = "";
			targets = (
				91E722A32F6ED6F700607892 /* AI Translator (iOS) */,
				91E722B52F6ED6F700607892 /* AI Translator (macOS) */,
				91E722C12F6ED6F700607892 /* AI Translator Extension (iOS) */,
				91E722CB2F6ED6F700607892 /* AI Translator Extension (macOS) */,
			);
		};
/* End PBXProject section */

/* Begin PBXResourcesBuildPhase section */
		91E722A22F6ED6F700607892 /* Resources */ = {
			isa = PBXResourcesBuildPhase;
			buildActionMask = 2147483647;
			files = (
				91E722D42F6ED6F700607892 /* Icon.png in Resources */,
				91E722AD2F6ED6F700607892 /* LaunchScreen.storyboard in Resources */,
				91E722D22F6ED6F700607892 /* Main.html in Resources */,
				91E722D82F6ED6F700607892 /* Script.js in Resources */,
				91E722DC2F6ED6F700607892 /* Assets.xcassets in Resources */,
				91E722B02F6ED6F700607892 /* Main.storyboard in Resources */,
				91E722D62F6ED6F700607892 /* Style.css in Resources */,
			);
			runOnlyForDeploymentPostprocessing = 0;
		};
		91E722B42F6ED6F700607892 /* Resources */ = {
			isa = PBXResourcesBuildPhase;
			buildActionMask = 2147483647;
			files = (
				91E722D52F6ED6F700607892 /* Icon.png in Resources */,
				91E722D72F6ED6F700607892 /* Style.css in Resources */,
				91E722BC2F6ED6F700607892 /* Main.storyboard in Resources */,
				91E722D92F6ED6F700607892 /* Script.js in Resources */,
				91E722DD2F6ED6F700607892 /* Assets.xcassets in Resources */,
				91E722D32F6ED6F700607892 /* Main.html in Resources */,
			);
			runOnlyForDeploymentPostprocessing = 0;
		};
		91E722C02F6ED6F700607892 /* Resources */ = {
			isa = PBXResourcesBuildPhase;
			buildActionMask = 2147483647;
			files = (
				91E723122F6ED6F700607892 /* popup.css in Resources */,
				91E723132F6ED6F700607892 /* content.js in Resources */,
				91E7230E2F6ED6F700607892 /* config.js in Resources */,
				91E7230C2F6ED6F700607892 /* background.js in Resources */,
				91E7230D2F6ED6F700607892 /* popup.html in Resources */,
				91E723102F6ED6F700607892 /* welcome.html in Resources */,
				91E723112F6ED6F700607892 /* manifest.json in Resources */,
				91E723092F6ED6F700607892 /* api-adapter.js in Resources */,
				91E7230B2F6ED6F700607892 /* popup.js in Resources */,
				91E7230F2F6ED6F700607892 /* icons in Resources */,
				91E723142F6ED6F700607892 /* view-mapping.js in Resources */,
				91E7230A2F6ED6F700607892 /* translator.css in Resources */,
			);
			runOnlyForDeploymentPostprocessing = 0;
		};
		91E722CA2F6ED6F700607892 /* Resources */ = {
			isa = PBXResourcesBuildPhase;
			buildActionMask = 2147483647;
			files = (
				91E723062F6ED6F700607892 /* popup.css in Resources */,
				91E723072F6ED6F700607892 /* content.js in Resources */,
				91E723022F6ED6F700607892 /* config.js in Resources */,
				91E723002F6ED6F700607892 /* background.js in Resources */,
				91E723012F6ED6F700607892 /* popup.html in Resources */,
				91E723042F6ED6F700607892 /* welcome.html in Resources */,
				91E723052F6ED6F700607892 /* manifest.json in Resources */,
				91E722FD2F6ED6F700607892 /* api-adapter.js in Resources */,
				91E722FF2F6ED6F700607892 /* popup.js in Resources */,
				91E723032F6ED6F700607892 /* icons in Resources */,
				91E723082F6ED6F700607892 /* view-mapping.js in Resources */,
				91E722FE2F6ED6F700607892 /* translator.css in Resources */,
			);
			runOnlyForDeploymentPostprocessing = 0;
		};
/* End PBXResourcesBuildPhase section */

/* Begin PBXSourcesBuildPhase section */
		91E722A02F6ED6F700607892 /* Sources */ = {
			isa = PBXSourcesBuildPhase;
			buildActionMask = 2147483647;
			files = (
				91E722DA2F6ED6F700607892 /* ViewController.swift in Sources */,
				91E722A82F6ED6F700607892 /* AppDelegate.swift in Sources */,
				91E722AA2F6ED6F700607892 /* SceneDelegate.swift in Sources */,
			);
			runOnlyForDeploymentPostprocessing = 0;
		};
		91E722B22F6ED6F700607892 /* Sources */ = {
			isa = PBXSourcesBuildPhase;
			buildActionMask = 2147483647;
			files = (
				91E722DB2F6ED6F700607892 /* ViewController.swift in Sources */,
				91E722B92F6ED6F700607892 /* AppDelegate.swift in Sources */,
			);
			runOnlyForDeploymentPostprocessing = 0;
		};
		91E722BE2F6ED6F700607892 /* Sources */ = {
			isa = PBXSourcesBuildPhase;
			buildActionMask = 2147483647;
			files = (
				91E722DE2F6ED6F700607892 /* SafariWebExtensionHandler.swift in Sources */,
			);
			runOnlyForDeploymentPostprocessing = 0;
		};
		91E722C82F6ED6F700607892 /* Sources */ = {
			isa = PBXSourcesBuildPhase;
			buildActionMask = 2147483647;
			files = (
				91E722DF2F6ED6F700607892 /* SafariWebExtensionHandler.swift in Sources */,
			);
			runOnlyForDeploymentPostprocessing = 0;
		};
/* End PBXSourcesBuildPhase section */

/* Begin PBXTargetDependency section */
		91E722C52F6ED6F700607892 /* PBXTargetDependency */ = {
			isa = PBXTargetDependency;
			target = 91E722C12F6ED6F700607892 /* AI Translator Extension (iOS) */;
			targetProxy = 91E722C42F6ED6F700607892 /* PBXContainerItemProxy */;
		};
		91E722CF2F6ED6F700607892 /* PBXTargetDependency */ = {
			isa = PBXTargetDependency;
			target = 91E722CB2F6ED6F700607892 /* AI Translator Extension (macOS) */;
			targetProxy = 91E722CE2F6ED6F700607892 /* PBXContainerItemProxy */;
		};
/* End PBXTargetDependency section */

/* Begin PBXVariantGroup section */
		91E722972F6ED6F600607892 /* Main.html */ = {
			isa = PBXVariantGroup;
			children = (
				91E722982F6ED6F600607892 /* Base */,
			);
			name = Main.html;
			sourceTree = "<group>";
		};
		91E722AB2F6ED6F700607892 /* LaunchScreen.storyboard */ = {
			isa = PBXVariantGroup;
			children = (
				91E722AC2F6ED6F700607892 /* Base */,
			);
			name = LaunchScreen.storyboard;
			sourceTree = "<group>";
		};
		91E722AE2F6ED6F700607892 /* Main.storyboard */ = {
			isa = PBXVariantGroup;
			children = (
				91E722AF2F6ED6F700607892 /* Base */,
			);
			name = Main.storyboard;
			sourceTree = "<group>";
		};
		91E722BA2F6ED6F700607892 /* Main.storyboard */ = {
			isa = PBXVariantGroup;
			children = (
				91E722BB2F6ED6F700607892 /* Base */,
			);
			name = Main.storyboard;
			sourceTree = "<group>";
		};
/* End PBXVariantGroup section */

/* Begin XCBuildConfiguration section */
		91E722E02F6ED6F700607892 /* Debug */ = {
			isa = XCBuildConfiguration;
			buildSettings = {
				ALWAYS_SEARCH_USER_PATHS = NO;
				ASSETCATALOG_COMPILER_GENERATE_SWIFT_ASSET_SYMBOL_EXTENSIONS = YES;
				CLANG_ANALYZER_NONNULL = YES;
				CLANG_ANALYZER_NUMBER_OBJECT_CONVERSION = YES_AGGRESSIVE;
				CLANG_CXX_LANGUAGE_STANDARD = "gnu++20";
				CLANG_ENABLE_MODULES = YES;
				CLANG_ENABLE_OBJC_ARC = YES;
				CLANG_ENABLE_OBJC_WEAK = YES;
				CLANG_WARN_BLOCK_CAPTURE_AUTORELEASING = YES;
				CLANG_WARN_BOOL_CONVERSION = YES;
				CLANG_WARN_COMMA = YES;
				CLANG_WARN_CONSTANT_CONVERSION = YES;
				CLANG_WARN_DEPRECATED_OBJC_IMPLEMENTATIONS = YES;
				CLANG_WARN_DIRECT_OBJC_ISA_USAGE = YES_ERROR;
				CLANG_WARN_DOCUMENTATION_COMMENTS = YES;
				CLANG_WARN_EMPTY_BODY = YES;
				CLANG_WARN_ENUM_CONVERSION = YES;
				CLANG_WARN_INFINITE_RECURSION = YES;
				CLANG_WARN_INT_CONVERSION = YES;
				CLANG_WARN_NON_LITERAL_NULL_CONVERSION = YES;
				CLANG_WARN_OBJC_IMPLICIT_RETAIN_SELF = YES;
				CLANG_WARN_OBJC_LITERAL_CONVERSION = YES;
				CLANG_WARN_OBJC_ROOT_CLASS = YES_ERROR;
				CLANG_WARN_QUOTED_INCLUDE_IN_FRAMEWORK_HEADER = YES;
				CLANG_WARN_RANGE_LOOP_ANALYSIS = YES;
				CLANG_WARN_STRICT_PROTOTYPES = YES;
				CLANG_WARN_SUSPICIOUS_MOVE = YES;
				CLANG_WARN_UNGUARDED_AVAILABILITY = YES_AGGRESSIVE;
				CLANG_WARN_UNREACHABLE_CODE = YES;
				CLANG_WARN__DUPLICATE_METHOD_MATCH = YES;
				COPY_PHASE_STRIP = NO;
				DEBUG_INFORMATION_FORMAT = dwarf;
				ENABLE_STRICT_OBJC_MSGSEND = YES;
				ENABLE_TESTABILITY = YES;
				ENABLE_USER_SCRIPT_SANDBOXING = YES;
				GCC_C_LANGUAGE_STANDARD = gnu17;
				GCC_DYNAMIC_NO_PIC = NO;
				GCC_NO_COMMON_BLOCKS = YES;
				GCC_OPTIMIZATION_LEVEL = 0;
				GCC_PREPROCESSOR_DEFINITIONS = (
					"DEBUG=1",
					"$(inherited)",
				);
				GCC_WARN_64_TO_32_BIT_CONVERSION = YES;
				GCC_WARN_ABOUT_RETURN_TYPE = YES_ERROR;
				GCC_WARN_UNDECLARED_SELECTOR = YES;
				GCC_WARN_UNINITIALIZED_AUTOS = YES_AGGRESSIVE;
				GCC_WARN_UNUSED_FUNCTION = YES;
				GCC_WARN_UNUSED_VARIABLE = YES;
				LOCALIZATION_PREFERS_STRING_CATALOGS = YES;
				MTL_ENABLE_DEBUG_INFO = INCLUDE_SOURCE;
				MTL_FAST_MATH = YES;
				ONLY_ACTIVE_ARCH = YES;
				SWIFT_ACTIVE_COMPILATION_CONDITIONS = "DEBUG $(inherited)";
				SWIFT_OPTIMIZATION_LEVEL = "-Onone";
			};
			name = Debug;
		};
		91E722E12F6ED6F700607892 /* Release */ = {
			isa = XCBuildConfiguration;
			buildSettings = {
				ALWAYS_SEARCH_USER_PATHS = NO;
				ASSETCATALOG_COMPILER_GENERATE_SWIFT_ASSET_SYMBOL_EXTENSIONS = YES;
				CLANG_ANALYZER_NONNULL = YES;
				CLANG_ANALYZER_NUMBER_OBJECT_CONVERSION = YES_AGGRESSIVE;
				CLANG_CXX_LANGUAGE_STANDARD = "gnu++20";
				CLANG_ENABLE_MODULES = YES;
				CLANG_ENABLE_OBJC_ARC = YES;
				CLANG_ENABLE_OBJC_WEAK = YES;
				CLANG_WARN_BLOCK_CAPTURE_AUTORELEASING = YES;
				CLANG_WARN_BOOL_CONVERSION = YES;
				CLANG_WARN_COMMA = YES;
				CLANG_WARN_CONSTANT_CONVERSION = YES;
				CLANG_WARN_DEPRECATED_OBJC_IMPLEMENTATIONS = YES;
				CLANG_WARN_DIRECT_OBJC_ISA_USAGE = YES_ERROR;
				CLANG_WARN_DOCUMENTATION_COMMENTS = YES;
				CLANG_WARN_EMPTY_BODY = YES;
				CLANG_WARN_ENUM_CONVERSION = YES;
				CLANG_WARN_INFINITE_RECURSION = YES;
				CLANG_WARN_INT_CONVERSION = YES;
				CLANG_WARN_NON_LITERAL_NULL_CONVERSION = YES;
				CLANG_WARN_OBJC_IMPLICIT_RETAIN_SELF = YES;
				CLANG_WARN_OBJC_LITERAL_CONVERSION = YES;
				CLANG_WARN_OBJC_ROOT_CLASS = YES_ERROR;
				CLANG_WARN_QUOTED_INCLUDE_IN_FRAMEWORK_HEADER = YES;
				CLANG_WARN_RANGE_LOOP_ANALYSIS = YES;
				CLANG_WARN_STRICT_PROTOTYPES = YES;
				CLANG_WARN_SUSPICIOUS_MOVE = YES;
				CLANG_WARN_UNGUARDED_AVAILABILITY = YES_AGGRESSIVE;
				CLANG_WARN_UNREACHABLE_CODE = YES;
				CLANG_WARN__DUPLICATE_METHOD_MATCH = YES;
				COPY_PHASE_STRIP = NO;
				DEBUG_INFORMATION_FORMAT = "dwarf-with-dsym";
				ENABLE_NS_ASSERTIONS = NO;
				ENABLE_STRICT_OBJC_MSGSEND = YES;
				ENABLE_USER_SCRIPT_SANDBOXING = YES;
				GCC_C_LANGUAGE_STANDARD = gnu17;
				GCC_NO_COMMON_BLOCKS = YES;
				GCC_WARN_64_TO_32_BIT_CONVERSION = YES;
				GCC_WARN_ABOUT_RETURN_TYPE = YES_ERROR;
				GCC_WARN_UNDECLARED_SELECTOR = YES;
				GCC_WARN_UNINITIALIZED_AUTOS = YES_AGGRESSIVE;
				GCC_WARN_UNUSED_FUNCTION = YES;
				GCC_WARN_UNUSED_VARIABLE = YES;
				LOCALIZATION_PREFERS_STRING_CATALOGS = YES;
				MTL_ENABLE_DEBUG_INFO = NO;
				MTL_FAST_MATH = YES;
				SWIFT_COMPILATION_MODE = wholemodule;
			};
			name = Release;
		};
		91E722E32F6ED6F700607892 /* Debug */ = {
			isa = XCBuildConfiguration;
			buildSettings = {
				CODE_SIGN_STYLE = Automatic;
				CURRENT_PROJECT_VERSION = 1;
				DEVELOPMENT_TEAM = VKFLZM4DMK;
				GENERATE_INFOPLIST_FILE = YES;
				INFOPLIST_FILE = "iOS (Extension)/Info.plist";
				INFOPLIST_KEY_CFBundleDisplayName = "AI Translator Extension";
				INFOPLIST_KEY_NSHumanReadableCopyright = "";
				IPHONEOS_DEPLOYMENT_TARGET = 15.0;
				LD_RUNPATH_SEARCH_PATHS = (
					"$(inherited)",
					"@executable_path/Frameworks",
					"@executable_path/../../Frameworks",
				);
				MARKETING_VERSION = 1.0;
				OTHER_LDFLAGS = (
					"-framework",
					SafariServices,
				);
				PRODUCT_BUNDLE_IDENTIFIER = "com.chenyufan.ai-translator.Extension";
				PRODUCT_NAME = "AI Translator Extension";
				SDKROOT = iphoneos;
				SKIP_INSTALL = YES;
				STRING_CATALOG_GENERATE_SYMBOLS = YES;
				SWIFT_APPROACHABLE_CONCURRENCY = YES;
				SWIFT_EMIT_LOC_STRINGS = YES;
				SWIFT_UPCOMING_FEATURE_MEMBER_IMPORT_VISIBILITY = YES;
				SWIFT_VERSION = 5.0;
				TARGETED_DEVICE_FAMILY = "1,2";
			};
			name = Debug;
		};
		91E722E42F6ED6F700607892 /* Release */ = {
			isa = XCBuildConfiguration;
			buildSettings = {
				CODE_SIGN_STYLE = Automatic;
				CURRENT_PROJECT_VERSION = 1;
				DEVELOPMENT_TEAM = VKFLZM4DMK;
				GENERATE_INFOPLIST_FILE = YES;
				INFOPLIST_FILE = "iOS (Extension)/Info.plist";
				INFOPLIST_KEY_CFBundleDisplayName = "AI Translator Extension";
				INFOPLIST_KEY_NSHumanReadableCopyright = "";
				IPHONEOS_DEPLOYMENT_TARGET = 15.0;
				LD_RUNPATH_SEARCH_PATHS = (
					"$(inherited)",
					"@executable_path/Frameworks",
					"@executable_path/../../Frameworks",
				);
				MARKETING_VERSION = 1.0;
				OTHER_LDFLAGS = (
					"-framework",
					SafariServices,
				);
				PRODUCT_BUNDLE_IDENTIFIER = "com.chenyufan.ai-translator.Extension";
				PRODUCT_NAME = "AI Translator Extension";
				SDKROOT = iphoneos;
				SKIP_INSTALL = YES;
				STRING_CATALOG_GENERATE_SYMBOLS = YES;
				SWIFT_APPROACHABLE_CONCURRENCY = YES;
				SWIFT_EMIT_LOC_STRINGS = YES;
				SWIFT_UPCOMING_FEATURE_MEMBER_IMPORT_VISIBILITY = YES;
				SWIFT_VERSION = 5.0;
				TARGETED_DEVICE_FAMILY = "1,2";
				VALIDATE_PRODUCT = YES;
			};
			name = Release;
		};
		91E722E72F6ED6F700607892 /* Debug */ = {
			isa = XCBuildConfiguration;
			buildSettings = {
				ASSETCATALOG_COMPILER_APPICON_NAME = AppIcon;
				ASSETCATALOG_COMPILER_GLOBAL_ACCENT_COLOR_NAME = AccentColor;
				CODE_SIGN_IDENTITY = "Apple Development";
				CODE_SIGN_STYLE = Automatic;
				CURRENT_PROJECT_VERSION = 1;
				DEVELOPMENT_TEAM = VKFLZM4DMK;
				GENERATE_INFOPLIST_FILE = YES;
				INFOPLIST_FILE = "iOS (App)/Info.plist";
				INFOPLIST_KEY_CFBundleDisplayName = "AI Translator";
				INFOPLIST_KEY_UIApplicationSupportsIndirectInputEvents = YES;
				INFOPLIST_KEY_UILaunchStoryboardName = LaunchScreen;
				INFOPLIST_KEY_UIMainStoryboardFile = Main;
				INFOPLIST_KEY_UISupportedInterfaceOrientations = "UIInterfaceOrientationPortrait UIInterfaceOrientationLandscapeLeft UIInterfaceOrientationLandscapeRight";
				INFOPLIST_KEY_UISupportedInterfaceOrientations_iPad = "UIInterfaceOrientationPortrait UIInterfaceOrientationPortraitUpsideDown UIInterfaceOrientationLandscapeLeft UIInterfaceOrientationLandscapeRight";
				IPHONEOS_DEPLOYMENT_TARGET = 15.0;
				LD_RUNPATH_SEARCH_PATHS = (
					"$(inherited)",
					"@executable_path/Frameworks",
				);
				MARKETING_VERSION = 1.0;
				OTHER_LDFLAGS = (
					"-framework",
					SafariServices,
					"-framework",
					WebKit,
				);
				PRODUCT_BUNDLE_IDENTIFIER = "com.chenyufan.ai-translator";
				PRODUCT_NAME = "AI Translator";
				PROVISIONING_PROFILE_SPECIFIER = "";
				SDKROOT = iphoneos;
				STRING_CATALOG_GENERATE_SYMBOLS = YES;
				SWIFT_APPROACHABLE_CONCURRENCY = YES;
				SWIFT_DEFAULT_ACTOR_ISOLATION = MainActor;
				SWIFT_EMIT_LOC_STRINGS = YES;
				SWIFT_UPCOMING_FEATURE_MEMBER_IMPORT_VISIBILITY = YES;
				SWIFT_VERSION = 5.0;
				TARGETED_DEVICE_FAMILY = "1,2";
			};
			name = Debug;
		};
		91E722E82F6ED6F700607892 /* Release */ = {
			isa = XCBuildConfiguration;
			buildSettings = {
				ASSETCATALOG_COMPILER_APPICON_NAME = AppIcon;
				ASSETCATALOG_COMPILER_GLOBAL_ACCENT_COLOR_NAME = AccentColor;
				CODE_SIGN_IDENTITY = "Apple Development";
				CODE_SIGN_STYLE = Automatic;
				CURRENT_PROJECT_VERSION = 1;
				DEVELOPMENT_TEAM = VKFLZM4DMK;
				GENERATE_INFOPLIST_FILE = YES;
				INFOPLIST_FILE = "iOS (App)/Info.plist";
				INFOPLIST_KEY_CFBundleDisplayName = "AI Translator";
				INFOPLIST_KEY_UIApplicationSupportsIndirectInputEvents = YES;
				INFOPLIST_KEY_UILaunchStoryboardName = LaunchScreen;
				INFOPLIST_KEY_UIMainStoryboardFile = Main;
				INFOPLIST_KEY_UISupportedInterfaceOrientations = "UIInterfaceOrientationPortrait UIInterfaceOrientationLandscapeLeft UIInterfaceOrientationLandscapeRight";
				INFOPLIST_KEY_UISupportedInterfaceOrientations_iPad = "UIInterfaceOrientationPortrait UIInterfaceOrientationPortraitUpsideDown UIInterfaceOrientationLandscapeLeft UIInterfaceOrientationLandscapeRight";
				IPHONEOS_DEPLOYMENT_TARGET = 15.0;
				LD_RUNPATH_SEARCH_PATHS = (
					"$(inherited)",
					"@executable_path/Frameworks",
				);
				MARKETING_VERSION = 1.0;
				OTHER_LDFLAGS = (
					"-framework",
					SafariServices,
					"-framework",
					WebKit,
				);
				PRODUCT_BUNDLE_IDENTIFIER = "com.chenyufan.ai-translator";
				PRODUCT_NAME = "AI Translator";
				PROVISIONING_PROFILE_SPECIFIER = "";
				SDKROOT = iphoneos;
				STRING_CATALOG_GENERATE_SYMBOLS = YES;
				SWIFT_APPROACHABLE_CONCURRENCY = YES;
				SWIFT_DEFAULT_ACTOR_ISOLATION = MainActor;
				SWIFT_EMIT_LOC_STRINGS = YES;
				SWIFT_UPCOMING_FEATURE_MEMBER_IMPORT_VISIBILITY = YES;
				SWIFT_VERSION = 5.0;
				TARGETED_DEVICE_FAMILY = "1,2";
				VALIDATE_PRODUCT = YES;
			};
			name = Release;
		};
		91E722EA2F6ED6F700607892 /* Debug */ = {
			isa = XCBuildConfiguration;
			buildSettings = {
				CODE_SIGN_ENTITLEMENTS = "macOS (Extension)/AI_Translator_Extension.entitlements";
				CODE_SIGN_STYLE = Automatic;
				CURRENT_PROJECT_VERSION = 1;
				DEVELOPMENT_TEAM = VKFLZM4DMK;
				ENABLE_APP_SANDBOX = YES;
				ENABLE_HARDENED_RUNTIME = NO;
				ENABLE_USER_SELECTED_FILES = readonly;
				GENERATE_INFOPLIST_FILE = YES;
				INFOPLIST_FILE = "macOS (Extension)/Info.plist";
				INFOPLIST_KEY_CFBundleDisplayName = "AI Translator Extension";
				INFOPLIST_KEY_NSHumanReadableCopyright = "";
				LD_RUNPATH_SEARCH_PATHS = (
					"$(inherited)",
					"@executable_path/../Frameworks",
					"@executable_path/../../../../Frameworks",
				);
				MACOSX_DEPLOYMENT_TARGET = 11.0;
				MARKETING_VERSION = 1.0;
				OTHER_LDFLAGS = (
					"-framework",
					SafariServices,
				);
				PRODUCT_BUNDLE_IDENTIFIER = "com.chenyufan.ai-translator.Extension";
				PRODUCT_NAME = "AI Translator Extension";
				SDKROOT = macosx;
				SKIP_INSTALL = YES;
				STRING_CATALOG_GENERATE_SYMBOLS = YES;
				SWIFT_APPROACHABLE_CONCURRENCY = YES;
				SWIFT_EMIT_LOC_STRINGS = YES;
				SWIFT_UPCOMING_FEATURE_MEMBER_IMPORT_VISIBILITY = YES;
				SWIFT_VERSION = 5.0;
			};
			name = Debug;
		};
		91E722EB2F6ED6F700607892 /* Release */ = {
			isa = XCBuildConfiguration;
			buildSettings = {
				CODE_SIGN_ENTITLEMENTS = "macOS (Extension)/AI_Translator_Extension.entitlements";
				CODE_SIGN_STYLE = Automatic;
				CURRENT_PROJECT_VERSION = 1;
				DEVELOPMENT_TEAM = VKFLZM4DMK;
				ENABLE_APP_SANDBOX = YES;
				ENABLE_HARDENED_RUNTIME = NO;
				ENABLE_USER_SELECTED_FILES = readonly;
				GENERATE_INFOPLIST_FILE = YES;
				INFOPLIST_FILE = "macOS (Extension)/Info.plist";
				INFOPLIST_KEY_CFBundleDisplayName = "AI Translator Extension";
				INFOPLIST_KEY_NSHumanReadableCopyright = "";
				LD_RUNPATH_SEARCH_PATHS = (
					"$(inherited)",
					"@executable_path/../Frameworks",
					"@executable_path/../../../../Frameworks",
				);
				MACOSX_DEPLOYMENT_TARGET = 11.0;
				MARKETING_VERSION = 1.0;
				OTHER_LDFLAGS = (
					"-framework",
					SafariServices,
				);
				PRODUCT_BUNDLE_IDENTIFIER = "com.chenyufan.ai-translator.Extension";
				PRODUCT_NAME = "AI Translator Extension";
				SDKROOT = macosx;
				SKIP_INSTALL = YES;
				STRING_CATALOG_GENERATE_SYMBOLS = YES;
				SWIFT_APPROACHABLE_CONCURRENCY = YES;
				SWIFT_EMIT_LOC_STRINGS = YES;
				SWIFT_UPCOMING_FEATURE_MEMBER_IMPORT_VISIBILITY = YES;
				SWIFT_VERSION = 5.0;
			};
			name = Release;
		};
		91E722EE2F6ED6F700607892 /* Debug */ = {
			isa = XCBuildConfiguration;
			buildSettings = {
				ASSETCATALOG_COMPILER_APPICON_NAME = AppIcon;
				ASSETCATALOG_COMPILER_GLOBAL_ACCENT_COLOR_NAME = AccentColor;
				CODE_SIGN_ENTITLEMENTS = "macOS (App)/AI_Translator.entitlements";
				CODE_SIGN_STYLE = Automatic;
				CURRENT_PROJECT_VERSION = 1;
				DEVELOPMENT_TEAM = VKFLZM4DMK;
				ENABLE_APP_SANDBOX = YES;
				ENABLE_HARDENED_RUNTIME = NO;
				ENABLE_OUTGOING_NETWORK_CONNECTIONS = YES;
				ENABLE_USER_SELECTED_FILES = readonly;
				GENERATE_INFOPLIST_FILE = YES;
				INFOPLIST_FILE = "macOS (App)/Info.plist";
				INFOPLIST_KEY_CFBundleDisplayName = "AI Translator";
				INFOPLIST_KEY_NSMainStoryboardFile = Main;
				INFOPLIST_KEY_NSPrincipalClass = NSApplication;
				LD_RUNPATH_SEARCH_PATHS = (
					"$(inherited)",
					"@executable_path/../Frameworks",
				);
				MACOSX_DEPLOYMENT_TARGET = 11.0;
				MARKETING_VERSION = 1.0;
				OTHER_LDFLAGS = (
					"-framework",
					SafariServices,
					"-framework",
					WebKit,
				);
				PRODUCT_BUNDLE_IDENTIFIER = "com.chenyufan.ai-translator";
				PRODUCT_NAME = "AI Translator";
				REGISTER_APP_GROUPS = YES;
				SDKROOT = macosx;
				STRING_CATALOG_GENERATE_SYMBOLS = YES;
				SWIFT_APPROACHABLE_CONCURRENCY = YES;
				SWIFT_DEFAULT_ACTOR_ISOLATION = MainActor;
				SWIFT_EMIT_LOC_STRINGS = YES;
				SWIFT_UPCOMING_FEATURE_MEMBER_IMPORT_VISIBILITY = YES;
				SWIFT_VERSION = 5.0;
			};
			name = Debug;
		};
		91E722EF2F6ED6F700607892 /* Release */ = {
			isa = XCBuildConfiguration;
			buildSettings = {
				ASSETCATALOG_COMPILER_APPICON_NAME = AppIcon;
				ASSETCATALOG_COMPILER_GLOBAL_ACCENT_COLOR_NAME = AccentColor;
				CODE_SIGN_ENTITLEMENTS = "macOS (App)/AI_Translator.entitlements";
				CODE_SIGN_STYLE = Automatic;
				CURRENT_PROJECT_VERSION = 1;
				DEVELOPMENT_TEAM = VKFLZM4DMK;
				ENABLE_APP_SANDBOX = YES;
				ENABLE_HARDENED_RUNTIME = NO;
				ENABLE_OUTGOING_NETWORK_CONNECTIONS = YES;
				ENABLE_USER_SELECTED_FILES = readonly;
				GENERATE_INFOPLIST_FILE = YES;
				INFOPLIST_FILE = "macOS (App)/Info.plist";
				INFOPLIST_KEY_CFBundleDisplayName = "AI Translator";
				INFOPLIST_KEY_NSMainStoryboardFile = Main;
				INFOPLIST_KEY_NSPrincipalClass = NSApplication;
				LD_RUNPATH_SEARCH_PATHS = (
					"$(inherited)",
					"@executable_path/../Frameworks",
				);
				MACOSX_DEPLOYMENT_TARGET = 11.0;
				MARKETING_VERSION = 1.0;
				OTHER_LDFLAGS = (
					"-framework",
					SafariServices,
					"-framework",
					WebKit,
				);
				PRODUCT_BUNDLE_IDENTIFIER = "com.chenyufan.ai-translator";
				PRODUCT_NAME = "AI Translator";
				REGISTER_APP_GROUPS = YES;
				SDKROOT = macosx;
				STRING_CATALOG_GENERATE_SYMBOLS = YES;
				SWIFT_APPROACHABLE_CONCURRENCY = YES;
				SWIFT_DEFAULT_ACTOR_ISOLATION = MainActor;
				SWIFT_EMIT_LOC_STRINGS = YES;
				SWIFT_UPCOMING_FEATURE_MEMBER_IMPORT_VISIBILITY = YES;
				SWIFT_VERSION = 5.0;
			};
			name = Release;
		};
/* End XCBuildConfiguration section */

/* Begin XCConfigurationList section */
		91E722942F6ED6F600607892 /* Build configuration list for PBXProject "AI Translator" */ = {
			isa = XCConfigurationList;
			buildConfigurations = (
				91E722E02F6ED6F700607892 /* Debug */,
				91E722E12F6ED6F700607892 /* Release */,
			);
			defaultConfigurationIsVisible = 0;
			defaultConfigurationName = Release;
		};
		91E722E22F6ED6F700607892 /* Build configuration list for PBXNativeTarget "AI Translator Extension (iOS)" */ = {
			isa = XCConfigurationList;
			buildConfigurations = (
				91E722E32F6ED6F700607892 /* Debug */,
				91E722E42F6ED6F700607892 /* Release */,
			);
			defaultConfigurationIsVisible = 0;
			defaultConfigurationName = Release;
		};
		91E722E62F6ED6F700607892 /* Build configuration list for PBXNativeTarget "AI Translator (iOS)" */ = {
			isa = XCConfigurationList;
			buildConfigurations = (
				91E722E72F6ED6F700607892 /* Debug */,
				91E722E82F6ED6F700607892 /* Release */,
			);
			defaultConfigurationIsVisible = 0;
			defaultConfigurationName = Release;
		};
		91E722E92F6ED6F700607892 /* Build configuration list for PBXNativeTarget "AI Translator Extension (macOS)" */ = {
			isa = XCConfigurationList;
			buildConfigurations = (
				91E722EA2F6ED6F700607892 /* Debug */,
				91E722EB2F6ED6F700607892 /* Release */,
			);
			defaultConfigurationIsVisible = 0;
			defaultConfigurationName = Release;
		};
		91E722ED2F6ED6F700607892 /* Build configuration list for PBXNativeTarget "AI Translator (macOS)" */ = {
			isa = XCConfigurationList;
			buildConfigurations = (
				91E722EE2F6ED6F700607892 /* Debug */,
				91E722EF2F6ED6F700607892 /* Release */,
			);
			defaultConfigurationIsVisible = 0;
			defaultConfigurationName = Release;
		};
/* End XCConfigurationList section */
	};
	rootObject = 91E722912F6ED6F600607892 /* Project object */;
}
