// !$*UTF8*$!
{
	archiveVersion = 1;
	classes = {
	};
	objectVersion = 77;
	objects = {

/* Begin PBXBuildFile section */
		91BC25692F6F95A200C4B284 /* AppDelegate.swift in Sources */ = {isa = PBXBuildFile; fileRef = 91BC25682F6F95A200C4B284 /* AppDelegate.swift */; };
		91BC256B2F6F95A200C4B284 /* SceneDelegate.swift in Sources */ = {isa = PBXBuildFile; fileRef = 91BC256A2F6F95A200C4B284 /* SceneDelegate.swift */; };
		91BC256E2F6F95A200C4B284 /* LaunchScreen.storyboard in Resources */ = {isa = PBXBuildFile; fileRef = 91BC256C2F6F95A200C4B284 /* LaunchScreen.storyboard */; };
		91BC25712F6F95A200C4B284 /* Main.storyboard in Resources */ = {isa = PBXBuildFile; fileRef = 91BC256F2F6F95A200C4B284 /* Main.storyboard */; };
		91BC257A2F6F95A200C4B284 /* AppDelegate.swift in Sources */ = {isa = PBXBuildFile; fileRef = 91BC25792F6F95A200C4B284 /* AppDelegate.swift */; };
		91BC257D2F6F95A200C4B284 /* Main.storyboard in Resources */ = {isa = PBXBuildFile; fileRef = 91BC257B2F6F95A200C4B284 /* Main.storyboard */; };
		91BC25842F6F95A200C4B284 /* AI Web Translator Extension.appex in Embed Foundation Extensions */ = {isa = PBXBuildFile; fileRef = 91BC25832F6F95A200C4B284 /* AI Web Translator Extension.appex */; settings = {ATTRIBUTES = (RemoveHeadersOnCopy, ); }; };
		91BC258E2F6F95A200C4B284 /* AI Web Translator Extension.appex in Embed Foundation Extensions */ = {isa = PBXBuildFile; fileRef = 91BC258D2F6F95A200C4B284 /* AI Web Translator Extension.appex */; settings = {ATTRIBUTES = (RemoveHeadersOnCopy, ); }; };
		91BC25932F6F95A200C4B284 /* Main.html in Resources */ = {isa = PBXBuildFile; fileRef = 91BC25582F6F95A100C4B284 /* Main.html */; };
		91BC25942F6F95A200C4B284 /* Main.html in Resources */ = {isa = PBXBuildFile; fileRef = 91BC25582F6F95A100C4B284 /* Main.html */; };
		91BC25952F6F95A200C4B284 /* Icon.png in Resources */ = {isa = PBXBuildFile; fileRef = 91BC255A2F6F95A100C4B284 /* Icon.png */; };
		91BC25962F6F95A200C4B284 /* Icon.png in Resources */ = {isa = PBXBuildFile; fileRef = 91BC255A2F6F95A100C4B284 /* Icon.png */; };
		91BC25972F6F95A200C4B284 /* Style.css in Resources */ = {isa = PBXBuildFile; fileRef = 91BC255B2F6F95A100C4B284 /* Style.css */; };
		91BC25982F6F95A200C4B284 /* Style.css in Resources */ = {isa = PBXBuildFile; fileRef = 91BC255B2F6F95A100C4B284 /* Style.css */; };
		91BC25992F6F95A200C4B284 /* Script.js in Resources */ = {isa = PBXBuildFile; fileRef = 91BC255C2F6F95A100C4B284 /* Script.js */; };
		91BC259A2F6F95A200C4B284 /* Script.js in Resources */ = {isa = PBXBuildFile; fileRef = 91BC255C2F6F95A100C4B284 /* Script.js */; };
		91BC259B2F6F95A200C4B284 /* ViewController.swift in Sources */ = {isa = PBXBuildFile; fileRef = 91BC255D2F6F95A100C4B284 /* ViewController.swift */; };
		91BC259C2F6F95A200C4B284 /* ViewController.swift in Sources */ = {isa = PBXBuildFile; fileRef = 91BC255D2F6F95A100C4B284 /* ViewController.swift */; };
		91BC259D2F6F95A200C4B284 /* Assets.xcassets in Resources */ = {isa = PBXBuildFile; fileRef = 91BC255E2F6F95A200C4B284 /* Assets.xcassets */; };
		91BC259E2F6F95A200C4B284 /* Assets.xcassets in Resources */ = {isa = PBXBuildFile; fileRef = 91BC255E2F6F95A200C4B284 /* Assets.xcassets */; };
		91BC259F2F6F95A200C4B284 /* SafariWebExtensionHandler.swift in Sources */ = {isa = PBXBuildFile; fileRef = 91BC25602F6F95A200C4B284 /* SafariWebExtensionHandler.swift */; };
		91BC25A02F6F95A200C4B284 /* SafariWebExtensionHandler.swift in Sources */ = {isa = PBXBuildFile; fileRef = 91BC25602F6F95A200C4B284 /* SafariWebExtensionHandler.swift */; };
		91BC25C02F6F95A200C4B284 /* api-adapter.js in Resources */ = {isa = PBXBuildFile; fileRef = 91BC25B22F6F95A200C4B284 /* api-adapter.js */; };
		91BC25C12F6F95A200C4B284 /* translator.css in Resources */ = {isa = PBXBuildFile; fileRef = 91BC25B32F6F95A200C4B284 /* translator.css */; };
		91BC25C22F6F95A200C4B284 /* popup.js in Resources */ = {isa = PBXBuildFile; fileRef = 91BC25B42F6F95A200C4B284 /* popup.js */; };
		91BC25C32F6F95A200C4B284 /* background.js in Resources */ = {isa = PBXBuildFile; fileRef = 91BC25B52F6F95A200C4B284 /* background.js */; };
		91BC25C42F6F95A200C4B284 /* popup.html in Resources */ = {isa = PBXBuildFile; fileRef = 91BC25B62F6F95A200C4B284 /* popup.html */; };
		91BC25C52F6F95A200C4B284 /* config.js in Resources */ = {isa = PBXBuildFile; fileRef = 91BC25B72F6F95A200C4B284 /* config.js */; };
		91BC25C62F6F95A200C4B284 /* test-panel.js in Resources */ = {isa = PBXBuildFile; fileRef = 91BC25B82F6F95A200C4B284 /* test-panel.js */; };
		91BC25C72F6F95A200C4B284 /* icons in Resources */ = {isa = PBXBuildFile; fileRef = 91BC25B92F6F95A200C4B284 /* icons */; };
		91BC25C82F6F95A200C4B284 /* welcome.html in Resources */ = {isa = PBXBuildFile; fileRef = 91BC25BA2F6F95A200C4B284 /* welcome.html */; };
		91BC25C92F6F95A200C4B284 /* manifest.json in Resources */ = {isa = PBXBuildFile; fileRef = 91BC25BB2F6F95A200C4B284 /* manifest.json */; };
		91BC25CA2F6F95A200C4B284 /* popup.css in Resources */ = {isa = PBXBuildFile; fileRef = 91BC25BC2F6F95A200C4B284 /* popup.css */; };
		91BC25CB2F6F95A200C4B284 /* content.js in Resources */ = {isa = PBXBuildFile; fileRef = 91BC25BD2F6F95A200C4B284 /* content.js */; };
		91BC25CC2F6F95A200C4B284 /* view-mapping.js in Resources */ = {isa = PBXBuildFile; fileRef = 91BC25BE2F6F95A200C4B284 /* view-mapping.js */; };
		91BC25CD2F6F95A200C4B284 /* debug-config.js in Resources */ = {isa = PBXBuildFile; fileRef = 91BC25BF2F6F95A200C4B284 /* debug-config.js */; };
		91BC25CE2F6F95A200C4B284 /* api-adapter.js in Resources */ = {isa = PBXBuildFile; fileRef = 91BC25B22F6F95A200C4B284 /* api-adapter.js */; };
		91BC25CF2F6F95A200C4B284 /* translator.css in Resources */ = {isa = PBXBuildFile; fileRef = 91BC25B32F6F95A200C4B284 /* translator.css */; };
		91BC25D02F6F95A200C4B284 /* popup.js in Resources */ = {isa = PBXBuildFile; fileRef = 91BC25B42F6F95A200C4B284 /* popup.js */; };
		91BC25D12F6F95A200C4B284 /* background.js in Resources */ = {isa = PBXBuildFile; fileRef = 91BC25B52F6F95A200C4B284 /* background.js */; };
		91BC25D22F6F95A200C4B284 /* popup.html in Resources */ = {isa = PBXBuildFile; fileRef = 91BC25B62F6F95A200C4B284 /* popup.html */; };
		91BC25D32F6F95A200C4B284 /* config.js in Resources */ = {isa = PBXBuildFile; fileRef = 91BC25B72F6F95A200C4B284 /* config.js */; };
		91BC25D42F6F95A200C4B284 /* test-panel.js in Resources */ = {isa = PBXBuildFile; fileRef = 91BC25B82F6F95A200C4B284 /* test-panel.js */; };
		91BC25D52F6F95A200C4B284 /* icons in Resources */ = {isa = PBXBuildFile; fileRef = 91BC25B92F6F95A200C4B284 /* icons */; };
		91BC25D62F6F95A200C4B284 /* welcome.html in Resources */ = {isa = PBXBuildFile; fileRef = 91BC25BA2F6F95A200C4B284 /* welcome.html */; };
		91BC25D72F6F95A200C4B284 /* manifest.json in Resources */ = {isa = PBXBuildFile; fileRef = 91BC25BB2F6F95A200C4B284 /* manifest.json */; };
		91BC25D82F6F95A200C4B284 /* popup.css in Resources */ = {isa = PBXBuildFile; fileRef = 91BC25BC2F6F95A200C4B284 /* popup.css */; };
		91BC25D92F6F95A200C4B284 /* content.js in Resources */ = {isa = PBXBuildFile; fileRef = 91BC25BD2F6F95A200C4B284 /* content.js */; };
		91BC25DA2F6F95A200C4B284 /* view-mapping.js in Resources */ = {isa = PBXBuildFile; fileRef = 91BC25BE2F6F95A200C4B284 /* view-mapping.js */; };
		91BC25DB2F6F95A200C4B284 /* debug-config.js in Resources */ = {isa = PBXBuildFile; fileRef = 91BC25BF2F6F95A200C4B284 /* debug-config.js */; };
/* End PBXBuildFile section */

/* Begin PBXContainerItemProxy section */
		91BC25852F6F95A200C4B284 /* PBXContainerItemProxy */ = {
			isa = PBXContainerItemProxy;
			containerPortal = 91BC25522F6F95A100C4B284 /* Project object */;
			proxyType = 1;
			remoteGlobalIDString = 91BC25822F6F95A200C4B284;
			remoteInfo = "AI Web Translator Extension (iOS)";
		};
		91BC258F2F6F95A200C4B284 /* PBXContainerItemProxy */ = {
			isa = PBXContainerItemProxy;
			containerPortal = 91BC25522F6F95A100C4B284 /* Project object */;
			proxyType = 1;
			remoteGlobalIDString = 91BC258C2F6F95A200C4B284;
			remoteInfo = "AI Web Translator Extension (macOS)";
		};
/* End PBXContainerItemProxy section */

/* Begin PBXCopyFilesBuildPhase section */
		91BC25A62F6F95A200C4B284 /* Embed Foundation Extensions */ = {
			isa = PBXCopyFilesBuildPhase;
			buildActionMask = 2147483647;
			dstPath = "";
			dstSubfolderSpec = 13;
			files = (
				91BC25842F6F95A200C4B284 /* AI Web Translator Extension.appex in Embed Foundation Extensions */,
			);
			name = "Embed Foundation Extensions";
			runOnlyForDeploymentPostprocessing = 0;
		};
		91BC25AD2F6F95A200C4B284 /* Embed Foundation Extensions */ = {
			isa = PBXCopyFilesBuildPhase;
			buildActionMask = 2147483647;
			dstPath = "";
			dstSubfolderSpec = 13;
			files = (
				91BC258E2F6F95A200C4B284 /* AI Web Translator Extension.appex in Embed Foundation Extensions */,
			);
			name = "Embed Foundation Extensions";
			runOnlyForDeploymentPostprocessing = 0;
		};
/* End PBXCopyFilesBuildPhase section */

/* Begin PBXFileReference section */
		91BC25592F6F95A100C4B284 /* Base */ = {isa = PBXFileReference; lastKnownFileType = text.html; name = Base; path = Base.lproj/Main.html; sourceTree = "<group>"; };
		91BC255A2F6F95A100C4B284 /* Icon.png */ = {isa = PBXFileReference; lastKnownFileType = image.png; path = Icon.png; sourceTree = "<group>"; };
		91BC255B2F6F95A100C4B284 /* Style.css */ = {isa = PBXFileReference; lastKnownFileType = text.css; path = Style.css; sourceTree = "<group>"; };
		91BC255C2F6F95A100C4B284 /* Script.js */ = {isa = PBXFileReference; lastKnownFileType = sourcecode.javascript; path = Script.js; sourceTree = "<group>"; };
		91BC255D2F6F95A100C4B284 /* ViewController.swift */ = {isa = PBXFileReference; lastKnownFileType = sourcecode.swift; path = ViewController.swift; sourceTree = "<group>"; };
		91BC255E2F6F95A200C4B284 /* Assets.xcassets */ = {isa = PBXFileReference; lastKnownFileType = folder.assetcatalog; path = Assets.xcassets; sourceTree = "<group>"; };
		91BC25602F6F95A200C4B284 /* SafariWebExtensionHandler.swift */ = {isa = PBXFileReference; lastKnownFileType = sourcecode.swift; path = SafariWebExtensionHandler.swift; sourceTree = "<group>"; };
		91BC25652F6F95A200C4B284 /* AI Web Translator.app */ = {isa = PBXFileReference; explicitFileType = wrapper.application; includeInIndex = 0; path = "AI Web Translator.app"; sourceTree = BUILT_PRODUCTS_DIR; };
		91BC25682F6F95A200C4B284 /* AppDelegate.swift */ = {isa = PBXFileReference; lastKnownFileType = sourcecode.swift; path = AppDelegate.swift; sourceTree = "<group>"; };
		91BC256A2F6F95A200C4B284 /* SceneDelegate.swift */ = {isa = PBXFileReference; lastKnownFileType = sourcecode.swift; path = SceneDelegate.swift; sourceTree = "<group>"; };
		91BC256D2F6F95A200C4B284 /* Base */ = {isa = PBXFileReference; lastKnownFileType = file.storyboard; name = Base; path = Base.lproj/LaunchScreen.storyboard; sourceTree = "<group>"; };
		91BC25702F6F95A200C4B284 /* Base */ = {isa = PBXFileReference; lastKnownFileType = file.storyboard; name = Base; path = Base.lproj/Main.storyboard; sourceTree = "<group>"; };
		91BC25722F6F95A200C4B284 /* Info.plist */ = {isa = PBXFileReference; lastKnownFileType = text.plist.xml; path = Info.plist; sourceTree = "<group>"; };
		91BC25772F6F95A200C4B284 /* AI Web Translator.app */ = {isa = PBXFileReference; explicitFileType = wrapper.application; includeInIndex = 0; path = "AI Web Translator.app"; sourceTree = BUILT_PRODUCTS_DIR; };
		91BC25792F6F95A200C4B284 /* AppDelegate.swift */ = {isa = PBXFileReference; lastKnownFileType = sourcecode.swift; path = AppDelegate.swift; sourceTree = "<group>"; };
		91BC257C2F6F95A200C4B284 /* Base */ = {isa = PBXFileReference; lastKnownFileType = file.storyboard; name = Base; path = Base.lproj/Main.storyboard; sourceTree = "<group>"; };
		91BC257E2F6F95A200C4B284 /* Info.plist */ = {isa = PBXFileReference; lastKnownFileType = text.plist.xml; path = Info.plist; sourceTree = "<group>"; };
		91BC25832F6F95A200C4B284 /* AI Web Translator Extension.appex */ = {isa = PBXFileReference; explicitFileType = "wrapper.app-extension"; includeInIndex = 0; path = "AI Web Translator Extension.appex"; sourceTree = BUILT_PRODUCTS_DIR; };
		91BC25882F6F95A200C4B284 /* Info.plist */ = {isa = PBXFileReference; lastKnownFileType = text.plist.xml; path = Info.plist; sourceTree = "<group>"; };
		91BC258D2F6F95A200C4B284 /* AI Web Translator Extension.appex */ = {isa = PBXFileReference; explicitFileType = "wrapper.app-extension"; includeInIndex = 0; path = "AI Web Translator Extension.appex"; sourceTree = BUILT_PRODUCTS_DIR; };
		91BC25922F6F95A200C4B284 /* Info.plist */ = {isa = PBXFileReference; lastKnownFileType = text.plist.xml; path = Info.plist; sourceTree = "<group>"; };
		91BC25B22F6F95A200C4B284 /* api-adapter.js */ = {isa = PBXFileReference; lastKnownFileType = sourcecode.javascript; name = "api-adapter.js"; path = "Resources/api-adapter.js"; sourceTree = "<group>"; };
		91BC25B32F6F95A200C4B284 /* translator.css */ = {isa = PBXFileReference; lastKnownFileType = text.css; name = translator.css; path = Resources/translator.css; sourceTree = "<group>"; };
		91BC25B42F6F95A200C4B284 /* popup.js */ = {isa = PBXFileReference; lastKnownFileType = sourcecode.javascript; name = popup.js; path = Resources/popup.js; sourceTree = "<group>"; };
		91BC25B52F6F95A200C4B284 /* background.js */ = {isa = PBXFileReference; lastKnownFileType = sourcecode.javascript; name = background.js; path = Resources/background.js; sourceTree = "<group>"; };
		91BC25B62F6F95A200C4B284 /* popup.html */ = {isa = PBXFileReference; lastKnownFileType = text.html; name = popup.html; path = Resources/popup.html; sourceTree = "<group>"; };
		91BC25B72F6F95A200C4B284 /* config.js */ = {isa = PBXFileReference; lastKnownFileType = sourcecode.javascript; name = config.js; path = Resources/config.js; sourceTree = "<group>"; };
		91BC25B82F6F95A200C4B284 /* test-panel.js */ = {isa = PBXFileReference; lastKnownFileType = sourcecode.javascript; name = "test-panel.js"; path = "Resources/test-panel.js"; sourceTree = "<group>"; };
		91BC25B92F6F95A200C4B284 /* icons */ = {isa = PBXFileReference; lastKnownFileType = folder; name = icons; path = Resources/icons; sourceTree = "<group>"; };
		91BC25BA2F6F95A200C4B284 /* welcome.html */ = {isa = PBXFileReference; lastKnownFileType = text.html; name = welcome.html; path = Resources/welcome.html; sourceTree = "<group>"; };
		91BC25BB2F6F95A200C4B284 /* manifest.json */ = {isa = PBXFileReference; lastKnownFileType = text.json; name = manifest.json; path = Resources/manifest.json; sourceTree = "<group>"; };
		91BC25BC2F6F95A200C4B284 /* popup.css */ = {isa = PBXFileReference; lastKnownFileType = text.css; name = popup.css; path = Resources/popup.css; sourceTree = "<group>"; };
		91BC25BD2F6F95A200C4B284 /* content.js */ = {isa = PBXFileReference; lastKnownFileType = sourcecode.javascript; name = content.js; path = Resources/content.js; sourceTree = "<group>"; };
		91BC25BE2F6F95A200C4B284 /* view-mapping.js */ = {isa = PBXFileReference; lastKnownFileType = sourcecode.javascript; name = "view-mapping.js"; path = "Resources/view-mapping.js"; sourceTree = "<group>"; };
		91BC25BF2F6F95A200C4B284 /* debug-config.js */ = {isa = PBXFileReference; lastKnownFileType = sourcecode.javascript; name = "debug-config.js"; path = "Resources/debug-config.js"; sourceTree = "<group>"; };
/* End PBXFileReference section */

/* Begin PBXFrameworksBuildPhase section */
		91BC25622F6F95A200C4B284 /* Frameworks */ = {
			isa = PBXFrameworksBuildPhase;
			buildActionMask = 2147483647;
			files = (
			);
			runOnlyForDeploymentPostprocessing = 0;
		};
		91BC25742F6F95A200C4B284 /* Frameworks */ = {
			isa = PBXFrameworksBuildPhase;
			buildActionMask = 2147483647;
			files = (
			);
			runOnlyForDeploymentPostprocessing = 0;
		};
		91BC25802F6F95A200C4B284 /* Frameworks */ = {
			isa = PBXFrameworksBuildPhase;
			buildActionMask = 2147483647;
			files = (
			);
			runOnlyForDeploymentPostprocessing = 0;
		};
		91BC258A2F6F95A200C4B284 /* Frameworks */ = {
			isa = PBXFrameworksBuildPhase;
			buildActionMask = 2147483647;
			files = (
			);
			runOnlyForDeploymentPostprocessing = 0;
		};
/* End PBXFrameworksBuildPhase section */

/* Begin PBXGroup section */
		91BC25512F6F95A100C4B284 = {
			isa = PBXGroup;
			children = (
				91BC25562F6F95A100C4B284 /* Shared (App) */,
				91BC255F2F6F95A200C4B284 /* Shared (Extension) */,
				91BC25672F6F95A200C4B284 /* iOS (App) */,
				91BC25782F6F95A200C4B284 /* macOS (App) */,
				91BC25872F6F95A200C4B284 /* iOS (Extension) */,
				91BC25912F6F95A200C4B284 /* macOS (Extension) */,
				91BC25662F6F95A200C4B284 /* Products */,
			);
			sourceTree = "<group>";
		};
		91BC25562F6F95A100C4B284 /* Shared (App) */ = {
			isa = PBXGroup;
			children = (
				91BC255D2F6F95A100C4B284 /* ViewController.swift */,
				91BC255E2F6F95A200C4B284 /* Assets.xcassets */,
				91BC25572F6F95A100C4B284 /* Resources */,
			);
			path = "Shared (App)";
			sourceTree = "<group>";
		};
		91BC25572F6F95A100C4B284 /* Resources */ = {
			isa = PBXGroup;
			children = (
				91BC25582F6F95A100C4B284 /* Main.html */,
				91BC255A2F6F95A100C4B284 /* Icon.png */,
				91BC255B2F6F95A100C4B284 /* Style.css */,
				91BC255C2F6F95A100C4B284 /* Script.js */,
			);
			path = Resources;
			sourceTree = "<group>";
		};
		91BC255F2F6F95A200C4B284 /* Shared (Extension) */ = {
			isa = PBXGroup;
			children = (
				91BC25B12F6F95A200C4B284 /* Resources */,
				91BC25602F6F95A200C4B284 /* SafariWebExtensionHandler.swift */,
			);
			path = "Shared (Extension)";
			sourceTree = "<group>";
		};
		91BC25662F6F95A200C4B284 /* Products */ = {
			isa = PBXGroup;
			children = (
				91BC25652F6F95A200C4B284 /* AI Web Translator.app */,
				91BC25772F6F95A200C4B284 /* AI Web Translator.app */,
				91BC25832F6F95A200C4B284 /* AI Web Translator Extension.appex */,
				91BC258D2F6F95A200C4B284 /* AI Web Translator Extension.appex */,
			);
			name = Products;
			sourceTree = "<group>";
		};
		91BC25672F6F95A200C4B284 /* iOS (App) */ = {
			isa = PBXGroup;
			children = (
				91BC25682F6F95A200C4B284 /* AppDelegate.swift */,
				91BC256A2F6F95A200C4B284 /* SceneDelegate.swift */,
				91BC256C2F6F95A200C4B284 /* LaunchScreen.storyboard */,
				91BC256F2F6F95A200C4B284 /* Main.storyboard */,
				91BC25722F6F95A200C4B284 /* Info.plist */,
			);
			path = "iOS (App)";
			sourceTree = "<group>";
		};
		91BC25782F6F95A200C4B284 /* macOS (App) */ = {
			isa = PBXGroup;
			children = (
				91BC25792F6F95A200C4B284 /* AppDelegate.swift */,
				91BC257B2F6F95A200C4B284 /* Main.storyboard */,
				91BC257E2F6F95A200C4B284 /* Info.plist */,
			);
			path = "macOS (App)";
			sourceTree = "<group>";
		};
		91BC25872F6F95A200C4B284 /* iOS (Extension) */ = {
			isa = PBXGroup;
			children = (
				91BC25882F6F95A200C4B284 /* Info.plist */,
			);
			path = "iOS (Extension)";
			sourceTree = "<group>";
		};
		91BC25912F6F95A200C4B284 /* macOS (Extension) */ = {
			isa = PBXGroup;
			children = (
				91BC25922F6F95A200C4B284 /* Info.plist */,
			);
			path = "macOS (Extension)";
			sourceTree = "<group>";
		};
		91BC25B12F6F95A200C4B284 /* Resources */ = {
			isa = PBXGroup;
			children = (
				91BC25B22F6F95A200C4B284 /* api-adapter.js */,
				91BC25B32F6F95A200C4B284 /* translator.css */,
				91BC25B42F6F95A200C4B284 /* popup.js */,
				91BC25B52F6F95A200C4B284 /* background.js */,
				91BC25B62F6F95A200C4B284 /* popup.html */,
				91BC25B72F6F95A200C4B284 /* config.js */,
				91BC25B82F6F95A200C4B284 /* test-panel.js */,
				91BC25B92F6F95A200C4B284 /* icons */,
				91BC25BA2F6F95A200C4B284 /* welcome.html */,
				91BC25BB2F6F95A200C4B284 /* manifest.json */,
				91BC25BC2F6F95A200C4B284 /* popup.css */,
				91BC25BD2F6F95A200C4B284 /* content.js */,
				91BC25BE2F6F95A200C4B284 /* view-mapping.js */,
				91BC25BF2F6F95A200C4B284 /* debug-config.js */,
			);
			name = Resources;
			path = "Shared (Extension)";
			sourceTree = SOURCE_ROOT;
		};
/* End PBXGroup section */

/* Begin PBXNativeTarget section */
		91BC25642F6F95A200C4B284 /* AI Web Translator (iOS) */ = {
			isa = PBXNativeTarget;
			buildConfigurationList = 91BC25A72F6F95A200C4B284 /* Build configuration list for PBXNativeTarget "AI Web Translator (iOS)" */;
			buildPhases = (
				91BC25612F6F95A200C4B284 /* Sources */,
				91BC25622F6F95A200C4B284 /* Frameworks */,
				91BC25632F6F95A200C4B284 /* Resources */,
				91BC25A62F6F95A200C4B284 /* Embed Foundation Extensions */,
			);
			buildRules = (
			);
			dependencies = (
				91BC25862F6F95A200C4B284 /* PBXTargetDependency */,
			);
			name = "AI Web Translator (iOS)";
			packageProductDependencies = (
			);
			productName = "AI Web Translator (iOS)";
			productReference = 91BC25652F6F95A200C4B284 /* AI Web Translator.app */;
			productType = "com.apple.product-type.application";
		};
		91BC25762F6F95A200C4B284 /* AI Web Translator (macOS) */ = {
			isa = PBXNativeTarget;
			buildConfigurationList = 91BC25AE2F6F95A200C4B284 /* Build configuration list for PBXNativeTarget "AI Web Translator (macOS)" */;
			buildPhases = (
				91BC25732F6F95A200C4B284 /* Sources */,
				91BC25742F6F95A200C4B284 /* Frameworks */,
				91BC25752F6F95A200C4B284 /* Resources */,
				91BC25AD2F6F95A200C4B284 /* Embed Foundation Extensions */,
			);
			buildRules = (
			);
			dependencies = (
				91BC25902F6F95A200C4B284 /* PBXTargetDependency */,
			);
			name = "AI Web Translator (macOS)";
			packageProductDependencies = (
			);
			productName = "AI Web Translator (macOS)";
			productReference = 91BC25772F6F95A200C4B284 /* AI Web Translator.app */;
			productType = "com.apple.product-type.application";
		};
		91BC25822F6F95A200C4B284 /* AI Web Translator Extension (iOS) */ = {
			isa = PBXNativeTarget;
			buildConfigurationList = 91BC25A32F6F95A200C4B284 /* Build configuration list for PBXNativeTarget "AI Web Translator Extension (iOS)" */;
			buildPhases = (
				91BC257F2F6F95A200C4B284 /* Sources */,
				91BC25802F6F95A200C4B284 /* Frameworks */,
				91BC25812F6F95A200C4B284 /* Resources */,
			);
			buildRules = (
			);
			dependencies = (
			);
			name = "AI Web Translator Extension (iOS)";
			packageProductDependencies = (
			);
			productName = "AI Web Translator Extension (iOS)";
			productReference = 91BC25832F6F95A200C4B284 /* AI Web Translator Extension.appex */;
			productType = "com.apple.product-type.app-extension";
		};
		91BC258C2F6F95A200C4B284 /* AI Web Translator Extension (macOS) */ = {
			isa = PBXNativeTarget;
			buildConfigurationList = 91BC25AA2F6F95A200C4B284 /* Build configuration list for PBXNativeTarget "AI Web Translator Extension (macOS)" */;
			buildPhases = (
				91BC25892F6F95A200C4B284 /* Sources */,
				91BC258A2F6F95A200C4B284 /* Frameworks */,
				91BC258B2F6F95A200C4B284 /* Resources */,
			);
			buildRules = (
			);
			dependencies = (
			);
			name = "AI Web Translator Extension (macOS)";
			packageProductDependencies = (
			);
			productName = "AI Web Translator Extension (macOS)";
			productReference = 91BC258D2F6F95A200C4B284 /* AI Web Translator Extension.appex */;
			productType = "com.apple.product-type.app-extension";
		};
/* End PBXNativeTarget section */

/* Begin PBXProject section */
		91BC25522F6F95A100C4B284 /* Project object */ = {
			isa = PBXProject;
			attributes = {
				BuildIndependentTargetsInParallel = 1;
				LastSwiftUpdateCheck = 2630;
				LastUpgradeCheck = 2630;
				TargetAttributes = {
					91BC25642F6F95A200C4B284 = {
						CreatedOnToolsVersion = 26.3;
					};
					91BC25762F6F95A200C4B284 = {
						CreatedOnToolsVersion = 26.3;
					};
					91BC25822F6F95A200C4B284 = {
						CreatedOnToolsVersion = 26.3;
					};
					91BC258C2F6F95A200C4B284 = {
						CreatedOnToolsVersion = 26.3;
					};
				};
			};
			buildConfigurationList = 91BC25552F6F95A100C4B284 /* Build configuration list for PBXProject "AI Web Translator" */;
			developmentRegion = en;
			hasScannedForEncodings = 0;
			knownRegions = (
				en,
				Base,
			);
			mainGroup = 91BC25512F6F95A100C4B284;
			minimizedProjectReferenceProxies = 1;
			preferredProjectObjectVersion = 77;
			productRefGroup = 91BC25662F6F95A200C4B284 /* Products */;
			projectDirPath = "";
			projectRoot = "";
			targets = (
				91BC25642F6F95A200C4B284 /* AI Web Translator (iOS) */,
				91BC25762F6F95A200C4B284 /* AI Web Translator (macOS) */,
				91BC25822F6F95A200C4B284 /* AI Web Translator Extension (iOS) */,
				91BC258C2F6F95A200C4B284 /* AI Web Translator Extension (macOS) */,
			);
		};
/* End PBXProject section */

/* Begin PBXResourcesBuildPhase section */
		91BC25632F6F95A200C4B284 /* Resources */ = {
			isa = PBXResourcesBuildPhase;
			buildActionMask = 2147483647;
			files = (
				91BC25952F6F95A200C4B284 /* Icon.png in Resources */,
				91BC256E2F6F95A200C4B284 /* LaunchScreen.storyboard in Resources */,
				91BC25932F6F95A200C4B284 /* Main.html in Resources */,
				91BC25992F6F95A200C4B284 /* Script.js in Resources */,
				91BC259D2F6F95A200C4B284 /* Assets.xcassets in Resources */,
				91BC25712F6F95A200C4B284 /* Main.storyboard in Resources */,
				91BC25972F6F95A200C4B284 /* Style.css in Resources */,
			);
			runOnlyForDeploymentPostprocessing = 0;
		};
		91BC25752F6F95A200C4B284 /* Resources */ = {
			isa = PBXResourcesBuildPhase;
			buildActionMask = 2147483647;
			files = (
				91BC25962F6F95A200C4B284 /* Icon.png in Resources */,
				91BC25982F6F95A200C4B284 /* Style.css in Resources */,
				91BC257D2F6F95A200C4B284 /* Main.storyboard in Resources */,
				91BC259A2F6F95A200C4B284 /* Script.js in Resources */,
				91BC259E2F6F95A200C4B284 /* Assets.xcassets in Resources */,
				91BC25942F6F95A200C4B284 /* Main.html in Resources */,
			);
			runOnlyForDeploymentPostprocessing = 0;
		};
		91BC25812F6F95A200C4B284 /* Resources */ = {
			isa = PBXResourcesBuildPhase;
			buildActionMask = 2147483647;
			files = (
				91BC25DB2F6F95A200C4B284 /* debug-config.js in Resources */,
				91BC25D92F6F95A200C4B284 /* content.js in Resources */,
				91BC25DA2F6F95A200C4B284 /* view-mapping.js in Resources */,
				91BC25D82F6F95A200C4B284 /* popup.css in Resources */,
				91BC25D32F6F95A200C4B284 /* config.js in Resources */,
				91BC25D52F6F95A200C4B284 /* icons in Resources */,
				91BC25D72F6F95A200C4B284 /* manifest.json in Resources */,
				91BC25D12F6F95A200C4B284 /* background.js in Resources */,
				91BC25D22F6F95A200C4B284 /* popup.html in Resources */,
				91BC25CE2F6F95A200C4B284 /* api-adapter.js in Resources */,
				91BC25D42F6F95A200C4B284 /* test-panel.js in Resources */,
				91BC25D62F6F95A200C4B284 /* welcome.html in Resources */,
				91BC25D02F6F95A200C4B284 /* popup.js in Resources */,
				91BC25CF2F6F95A200C4B284 /* translator.css in Resources */,
			);
			runOnlyForDeploymentPostprocessing = 0;
		};
		91BC258B2F6F95A200C4B284 /* Resources */ = {
			isa = PBXResourcesBuildPhase;
			buildActionMask = 2147483647;
			files = (
				91BC25CD2F6F95A200C4B284 /* debug-config.js in Resources */,
				91BC25CB2F6F95A200C4B284 /* content.js in Resources */,
				91BC25CC2F6F95A200C4B284 /* view-mapping.js in Resources */,
				91BC25CA2F6F95A200C4B284 /* popup.css in Resources */,
				91BC25C52F6F95A200C4B284 /* config.js in Resources */,
				91BC25C72F6F95A200C4B284 /* icons in Resources */,
				91BC25C92F6F95A200C4B284 /* manifest.json in Resources */,
				91BC25C32F6F95A200C4B284 /* background.js in Resources */,
				91BC25C42F6F95A200C4B284 /* popup.html in Resources */,
				91BC25C02F6F95A200C4B284 /* api-adapter.js in Resources */,
				91BC25C62F6F95A200C4B284 /* test-panel.js in Resources */,
				91BC25C82F6F95A200C4B284 /* welcome.html in Resources */,
				91BC25C22F6F95A200C4B284 /* popup.js in Resources */,
				91BC25C12F6F95A200C4B284 /* translator.css in Resources */,
			);
			runOnlyForDeploymentPostprocessing = 0;
		};
/* End PBXResourcesBuildPhase section */

/* Begin PBXSourcesBuildPhase section */
		91BC25612F6F95A200C4B284 /* Sources */ = {
			isa = PBXSourcesBuildPhase;
			buildActionMask = 2147483647;
			files = (
				91BC259B2F6F95A200C4B284 /* ViewController.swift in Sources */,
				91BC25692F6F95A200C4B284 /* AppDelegate.swift in Sources */,
				91BC256B2F6F95A200C4B284 /* SceneDelegate.swift in Sources */,
			);
			runOnlyForDeploymentPostprocessing = 0;
		};
		91BC25732F6F95A200C4B284 /* Sources */ = {
			isa = PBXSourcesBuildPhase;
			buildActionMask = 2147483647;
			files = (
				91BC259C2F6F95A200C4B284 /* ViewController.swift in Sources */,
				91BC257A2F6F95A200C4B284 /* AppDelegate.swift in Sources */,
			);
			runOnlyForDeploymentPostprocessing = 0;
		};
		91BC257F2F6F95A200C4B284 /* Sources */ = {
			isa = PBXSourcesBuildPhase;
			buildActionMask = 2147483647;
			files = (
				91BC259F2F6F95A200C4B284 /* SafariWebExtensionHandler.swift in Sources */,
			);
			runOnlyForDeploymentPostprocessing = 0;
		};
		91BC25892F6F95A200C4B284 /* Sources */ = {
			isa = PBXSourcesBuildPhase;
			buildActionMask = 2147483647;
			files = (
				91BC25A02F6F95A200C4B284 /* SafariWebExtensionHandler.swift in Sources */,
			);
			runOnlyForDeploymentPostprocessing = 0;
		};
/* End PBXSourcesBuildPhase section */

/* Begin PBXTargetDependency section */
		91BC25862F6F95A200C4B284 /* PBXTargetDependency */ = {
			isa = PBXTargetDependency;
			target = 91BC25822F6F95A200C4B284 /* AI Web Translator Extension (iOS) */;
			targetProxy = 91BC25852F6F95A200C4B284 /* PBXContainerItemProxy */;
		};
		91BC25902F6F95A200C4B284 /* PBXTargetDependency */ = {
			isa = PBXTargetDependency;
			target = 91BC258C2F6F95A200C4B284 /* AI Web Translator Extension (macOS) */;
			targetProxy = 91BC258F2F6F95A200C4B284 /* PBXContainerItemProxy */;
		};
/* End PBXTargetDependency section */

/* Begin PBXVariantGroup section */
		91BC25582F6F95A100C4B284 /* Main.html */ = {
			isa = PBXVariantGroup;
			children = (
				91BC25592F6F95A100C4B284 /* Base */,
			);
			name = Main.html;
			sourceTree = "<group>";
		};
		91BC256C2F6F95A200C4B284 /* LaunchScreen.storyboard */ = {
			isa = PBXVariantGroup;
			children = (
				91BC256D2F6F95A200C4B284 /* Base */,
			);
			name = LaunchScreen.storyboard;
			sourceTree = "<group>";
		};
		91BC256F2F6F95A200C4B284 /* Main.storyboard */ = {
			isa = PBXVariantGroup;
			children = (
				91BC25702F6F95A200C4B284 /* Base */,
			);
			name = Main.storyboard;
			sourceTree = "<group>";
		};
		91BC257B2F6F95A200C4B284 /* Main.storyboard */ = {
			isa = PBXVariantGroup;
			children = (
				91BC257C2F6F95A200C4B284 /* Base */,
			);
			name = Main.storyboard;
			sourceTree = "<group>";
		};
/* End PBXVariantGroup section */

/* Begin XCBuildConfiguration section */
		91BC25A12F6F95A200C4B284 /* Debug */ = {
			isa = XCBuildConfiguration;
			buildSettings = {
				ALWAYS_SEARCH_USER_PATHS = NO;
				ASSETCATALOG_COMPILER_GENERATE_SWIFT_ASSET_SYMBOL_EXTENSIONS = YES;
				CLANG_ANALYZER_NONNULL = YES;
				CLANG_ANALYZER_NUMBER_OBJECT_CONVERSION = YES_AGGRESSIVE;
				CLANG_CXX_LANGUAGE_STANDARD = "gnu++20";
				CLANG_ENABLE_MODULES = YES;
				CLANG_ENABLE_OBJC_ARC = YES;
				CLANG_ENABLE_OBJC_WEAK = YES;
				CLANG_WARN_BLOCK_CAPTURE_AUTORELEASING = YES;
				CLANG_WARN_BOOL_CONVERSION = YES;
				CLANG_WARN_COMMA = YES;
				CLANG_WARN_CONSTANT_CONVERSION = YES;
				CLANG_WARN_DEPRECATED_OBJC_IMPLEMENTATIONS = YES;
				CLANG_WARN_DIRECT_OBJC_ISA_USAGE = YES_ERROR;
				CLANG_WARN_DOCUMENTATION_COMMENTS = YES;
				CLANG_WARN_EMPTY_BODY = YES;
				CLANG_WARN_ENUM_CONVERSION = YES;
				CLANG_WARN_INFINITE_RECURSION = YES;
				CLANG_WARN_INT_CONVERSION = YES;
				CLANG_WARN_NON_LITERAL_NULL_CONVERSION = YES;
				CLANG_WARN_OBJC_IMPLICIT_RETAIN_SELF = YES;
				CLANG_WARN_OBJC_LITERAL_CONVERSION = YES;
				CLANG_WARN_OBJC_ROOT_CLASS = YES_ERROR;
				CLANG_WARN_QUOTED_INCLUDE_IN_FRAMEWORK_HEADER = YES;
				CLANG_WARN_RANGE_LOOP_ANALYSIS = YES;
				CLANG_WARN_STRICT_PROTOTYPES = YES;
				CLANG_WARN_SUSPICIOUS_MOVE = YES;
				CLANG_WARN_UNGUARDED_AVAILABILITY = YES_AGGRESSIVE;
				CLANG_WARN_UNREACHABLE_CODE = YES;
				CLANG_WARN__DUPLICATE_METHOD_MATCH = YES;
				COPY_PHASE_STRIP = NO;
				DEBUG_INFORMATION_FORMAT = dwarf;
				ENABLE_STRICT_OBJC_MSGSEND = YES;
				ENABLE_TESTABILITY = YES;
				ENABLE_USER_SCRIPT_SANDBOXING = YES;
				GCC_C_LANGUAGE_STANDARD = gnu17;
				GCC_DYNAMIC_NO_PIC = NO;
				GCC_NO_COMMON_BLOCKS = YES;
				GCC_OPTIMIZATION_LEVEL = 0;
				GCC_PREPROCESSOR_DEFINITIONS = (
					"DEBUG=1",
					"$(inherited)",
				);
				GCC_WARN_64_TO_32_BIT_CONVERSION = YES;
				GCC_WARN_ABOUT_RETURN_TYPE = YES_ERROR;
				GCC_WARN_UNDECLARED_SELECTOR = YES;
				GCC_WARN_UNINITIALIZED_AUTOS = YES_AGGRESSIVE;
				GCC_WARN_UNUSED_FUNCTION = YES;
				GCC_WARN_UNUSED_VARIABLE = YES;
				LOCALIZATION_PREFERS_STRING_CATALOGS = YES;
				MTL_ENABLE_DEBUG_INFO = INCLUDE_SOURCE;
				MTL_FAST_MATH = YES;
				ONLY_ACTIVE_ARCH = YES;
				SWIFT_ACTIVE_COMPILATION_CONDITIONS = "DEBUG $(inherited)";
				SWIFT_OPTIMIZATION_LEVEL = "-Onone";
			};
			name = Debug;
		};
		91BC25A22F6F95A200C4B284 /* Release */ = {
			isa = XCBuildConfiguration;
			buildSettings = {
				ALWAYS_SEARCH_USER_PATHS = NO;
				ASSETCATALOG_COMPILER_GENERATE_SWIFT_ASSET_SYMBOL_EXTENSIONS = YES;
				CLANG_ANALYZER_NONNULL = YES;
				CLANG_ANALYZER_NUMBER_OBJECT_CONVERSION = YES_AGGRESSIVE;
				CLANG_CXX_LANGUAGE_STANDARD = "gnu++20";
				CLANG_ENABLE_MODULES = YES;
				CLANG_ENABLE_OBJC_ARC = YES;
				CLANG_ENABLE_OBJC_WEAK = YES;
				CLANG_WARN_BLOCK_CAPTURE_AUTORELEASING = YES;
				CLANG_WARN_BOOL_CONVERSION = YES;
				CLANG_WARN_COMMA = YES;
				CLANG_WARN_CONSTANT_CONVERSION = YES;
				CLANG_WARN_DEPRECATED_OBJC_IMPLEMENTATIONS = YES;
				CLANG_WARN_DIRECT_OBJC_ISA_USAGE = YES_ERROR;
				CLANG_WARN_DOCUMENTATION_COMMENTS = YES;
				CLANG_WARN_EMPTY_BODY = YES;
				CLANG_WARN_ENUM_CONVERSION = YES;
				CLANG_WARN_INFINITE_RECURSION = YES;
				CLANG_WARN_INT_CONVERSION = YES;
				CLANG_WARN_NON_LITERAL_NULL_CONVERSION = YES;
				CLANG_WARN_OBJC_IMPLICIT_RETAIN_SELF = YES;
				CLANG_WARN_OBJC_LITERAL_CONVERSION = YES;
				CLANG_WARN_OBJC_ROOT_CLASS = YES_ERROR;
				CLANG_WARN_QUOTED_INCLUDE_IN_FRAMEWORK_HEADER = YES;
				CLANG_WARN_RANGE_LOOP_ANALYSIS = YES;
				CLANG_WARN_STRICT_PROTOTYPES = YES;
				CLANG_WARN_SUSPICIOUS_MOVE = YES;
				CLANG_WARN_UNGUARDED_AVAILABILITY = YES_AGGRESSIVE;
				CLANG_WARN_UNREACHABLE_CODE = YES;
				CLANG_WARN__DUPLICATE_METHOD_MATCH = YES;
				COPY_PHASE_STRIP = NO;
				DEBUG_INFORMATION_FORMAT = "dwarf-with-dsym";
				ENABLE_NS_ASSERTIONS = NO;
				ENABLE_STRICT_OBJC_MSGSEND = YES;
				ENABLE_USER_SCRIPT_SANDBOXING = YES;
				GCC_C_LANGUAGE_STANDARD = gnu17;
				GCC_NO_COMMON_BLOCKS = YES;
				GCC_WARN_64_TO_32_BIT_CONVERSION = YES;
				GCC_WARN_ABOUT_RETURN_TYPE = YES_ERROR;
				GCC_WARN_UNDECLARED_SELECTOR = YES;
				GCC_WARN_UNINITIALIZED_AUTOS = YES_AGGRESSIVE;
				GCC_WARN_UNUSED_FUNCTION = YES;
				GCC_WARN_UNUSED_VARIABLE = YES;
				LOCALIZATION_PREFERS_STRING_CATALOGS = YES;
				MTL_ENABLE_DEBUG_INFO = NO;
				MTL_FAST_MATH = YES;
				SWIFT_COMPILATION_MODE = wholemodule;
			};
			name = Release;
		};
		91BC25A42F6F95A200C4B284 /* Debug */ = {
			isa = XCBuildConfiguration;
			buildSettings = {
				CODE_SIGN_STYLE = Automatic;
				DEVELOPMENT_TEAM = VKFLZM4DMK;
				CURRENT_PROJECT_VERSION = 1;
				GENERATE_INFOPLIST_FILE = YES;
				INFOPLIST_FILE = "iOS (Extension)/Info.plist";
				INFOPLIST_KEY_CFBundleDisplayName = "AI Web Translator Extension";
				INFOPLIST_KEY_NSHumanReadableCopyright = "";
				IPHONEOS_DEPLOYMENT_TARGET = 15.0;
				LD_RUNPATH_SEARCH_PATHS = (
					"$(inherited)",
					"@executable_path/Frameworks",
					"@executable_path/../../Frameworks",
				);
				MARKETING_VERSION = 1.0;
				OTHER_LDFLAGS = (
					"-framework",
					SafariServices,
				);
				PRODUCT_BUNDLE_IDENTIFIER = "com.yourcompany.ai-web-translator.Extension";
				PRODUCT_NAME = "AI Web Translator Extension";
				SDKROOT = iphoneos;
				SKIP_INSTALL = YES;
				STRING_CATALOG_GENERATE_SYMBOLS = YES;
				SWIFT_APPROACHABLE_CONCURRENCY = YES;
				SWIFT_EMIT_LOC_STRINGS = YES;
				SWIFT_UPCOMING_FEATURE_MEMBER_IMPORT_VISIBILITY = YES;
				SWIFT_VERSION = 5.0;
				TARGETED_DEVICE_FAMILY = "1,2";
			};
			name = Debug;
		};
		91BC25A52F6F95A200C4B284 /* Release */ = {
			isa = XCBuildConfiguration;
			buildSettings = {
				CODE_SIGN_STYLE = Automatic;
				DEVELOPMENT_TEAM = VKFLZM4DMK;
				CURRENT_PROJECT_VERSION = 1;
				GENERATE_INFOPLIST_FILE = YES;
				INFOPLIST_FILE = "iOS (Extension)/Info.plist";
				INFOPLIST_KEY_CFBundleDisplayName = "AI Web Translator Extension";
				INFOPLIST_KEY_NSHumanReadableCopyright = "";
				IPHONEOS_DEPLOYMENT_TARGET = 15.0;
				LD_RUNPATH_SEARCH_PATHS = (
					"$(inherited)",
					"@executable_path/Frameworks",
					"@executable_path/../../Frameworks",
				);
				MARKETING_VERSION = 1.0;
				OTHER_LDFLAGS = (
					"-framework",
					SafariServices,
				);
				PRODUCT_BUNDLE_IDENTIFIER = "com.yourcompany.ai-web-translator.Extension";
				PRODUCT_NAME = "AI Web Translator Extension";
				SDKROOT = iphoneos;
				SKIP_INSTALL = YES;
				STRING_CATALOG_GENERATE_SYMBOLS = YES;
				SWIFT_APPROACHABLE_CONCURRENCY = YES;
				SWIFT_EMIT_LOC_STRINGS = YES;
				SWIFT_UPCOMING_FEATURE_MEMBER_IMPORT_VISIBILITY = YES;
				SWIFT_VERSION = 5.0;
				TARGETED_DEVICE_FAMILY = "1,2";
				VALIDATE_PRODUCT = YES;
			};
			name = Release;
		};
		91BC25A82F6F95A200C4B284 /* Debug */ = {
			isa = XCBuildConfiguration;
			buildSettings = {
				ASSETCATALOG_COMPILER_APPICON_NAME = AppIcon;
				ASSETCATALOG_COMPILER_GLOBAL_ACCENT_COLOR_NAME = AccentColor;
				CODE_SIGN_STYLE = Automatic;
				DEVELOPMENT_TEAM = VKFLZM4DMK;
				CURRENT_PROJECT_VERSION = 1;
				GENERATE_INFOPLIST_FILE = YES;
				INFOPLIST_FILE = "iOS (App)/Info.plist";
				INFOPLIST_KEY_CFBundleDisplayName = "AI Web Translator";
				INFOPLIST_KEY_UIApplicationSupportsIndirectInputEvents = YES;
				INFOPLIST_KEY_UILaunchStoryboardName = LaunchScreen;
				INFOPLIST_KEY_UIMainStoryboardFile = Main;
				INFOPLIST_KEY_UISupportedInterfaceOrientations = "UIInterfaceOrientationPortrait UIInterfaceOrientationLandscapeLeft UIInterfaceOrientationLandscapeRight";
				INFOPLIST_KEY_UISupportedInterfaceOrientations_iPad = "UIInterfaceOrientationPortrait UIInterfaceOrientationPortraitUpsideDown UIInterfaceOrientationLandscapeLeft UIInterfaceOrientationLandscapeRight";
				IPHONEOS_DEPLOYMENT_TARGET = 15.0;
				LD_RUNPATH_SEARCH_PATHS = (
					"$(inherited)",
					"@executable_path/Frameworks",
				);
				MARKETING_VERSION = 1.0;
				OTHER_LDFLAGS = (
					"-framework",
					SafariServices,
					"-framework",
					WebKit,
				);
				PRODUCT_BUNDLE_IDENTIFIER = "com.yourcompany.ai-web-translator";
				PRODUCT_NAME = "AI Web Translator";
				SDKROOT = iphoneos;
				STRING_CATALOG_GENERATE_SYMBOLS = YES;
				SWIFT_APPROACHABLE_CONCURRENCY = YES;
				SWIFT_DEFAULT_ACTOR_ISOLATION = MainActor;
				SWIFT_EMIT_LOC_STRINGS = YES;
				SWIFT_UPCOMING_FEATURE_MEMBER_IMPORT_VISIBILITY = YES;
				SWIFT_VERSION = 5.0;
				TARGETED_DEVICE_FAMILY = "1,2";
			};
			name = Debug;
		};
		91BC25A92F6F95A200C4B284 /* Release */ = {
			isa = XCBuildConfiguration;
			buildSettings = {
				ASSETCATALOG_COMPILER_APPICON_NAME = AppIcon;
				ASSETCATALOG_COMPILER_GLOBAL_ACCENT_COLOR_NAME = AccentColor;
				CODE_SIGN_STYLE = Automatic;
				DEVELOPMENT_TEAM = VKFLZM4DMK;
				CURRENT_PROJECT_VERSION = 1;
				GENERATE_INFOPLIST_FILE = YES;
				INFOPLIST_FILE = "iOS (App)/Info.plist";
				INFOPLIST_KEY_CFBundleDisplayName = "AI Web Translator";
				INFOPLIST_KEY_UIApplicationSupportsIndirectInputEvents = YES;
				INFOPLIST_KEY_UILaunchStoryboardName = LaunchScreen;
				INFOPLIST_KEY_UIMainStoryboardFile = Main;
				INFOPLIST_KEY_UISupportedInterfaceOrientations = "UIInterfaceOrientationPortrait UIInterfaceOrientationLandscapeLeft UIInterfaceOrientationLandscapeRight";
				INFOPLIST_KEY_UISupportedInterfaceOrientations_iPad = "UIInterfaceOrientationPortrait UIInterfaceOrientationPortraitUpsideDown UIInterfaceOrientationLandscapeLeft UIInterfaceOrientationLandscapeRight";
				IPHONEOS_DEPLOYMENT_TARGET = 15.0;
				LD_RUNPATH_SEARCH_PATHS = (
					"$(inherited)",
					"@executable_path/Frameworks",
				);
				MARKETING_VERSION = 1.0;
				OTHER_LDFLAGS = (
					"-framework",
					SafariServices,
					"-framework",
					WebKit,
				);
				PRODUCT_BUNDLE_IDENTIFIER = "com.yourcompany.ai-web-translator";
				PRODUCT_NAME = "AI Web Translator";
				SDKROOT = iphoneos;
				STRING_CATALOG_GENERATE_SYMBOLS = YES;
				SWIFT_APPROACHABLE_CONCURRENCY = YES;
				SWIFT_DEFAULT_ACTOR_ISOLATION = MainActor;
				SWIFT_EMIT_LOC_STRINGS = YES;
				SWIFT_UPCOMING_FEATURE_MEMBER_IMPORT_VISIBILITY = YES;
				SWIFT_VERSION = 5.0;
				TARGETED_DEVICE_FAMILY = "1,2";
				VALIDATE_PRODUCT = YES;
			};
			name = Release;
		};
		91BC25AB2F6F95A200C4B284 /* Debug */ = {
			isa = XCBuildConfiguration;
			buildSettings = {
				CODE_SIGN_STYLE = Automatic;
				DEVELOPMENT_TEAM = VKFLZM4DMK;
				CURRENT_PROJECT_VERSION = 1;
				ENABLE_APP_SANDBOX = YES;
				ENABLE_HARDENED_RUNTIME = YES;
				ENABLE_USER_SELECTED_FILES = readonly;
				GENERATE_INFOPLIST_FILE = YES;
				INFOPLIST_FILE = "macOS (Extension)/Info.plist";
				INFOPLIST_KEY_CFBundleDisplayName = "AI Web Translator Extension";
				INFOPLIST_KEY_NSHumanReadableCopyright = "";
				LD_RUNPATH_SEARCH_PATHS = (
					"$(inherited)",
					"@executable_path/../Frameworks",
					"@executable_path/../../../../Frameworks",
				);
				MACOSX_DEPLOYMENT_TARGET = 10.14;
				MARKETING_VERSION = 1.0;
				OTHER_LDFLAGS = (
					"-framework",
					SafariServices,
				);
				PRODUCT_BUNDLE_IDENTIFIER = "com.yourcompany.ai-web-translator.Extension";
				PRODUCT_NAME = "AI Web Translator Extension";
				SDKROOT = macosx;
				SKIP_INSTALL = YES;
				STRING_CATALOG_GENERATE_SYMBOLS = YES;
				SWIFT_APPROACHABLE_CONCURRENCY = YES;
				SWIFT_EMIT_LOC_STRINGS = YES;
				SWIFT_UPCOMING_FEATURE_MEMBER_IMPORT_VISIBILITY = YES;
				SWIFT_VERSION = 5.0;
			};
			name = Debug;
		};
		91BC25AC2F6F95A200C4B284 /* Release */ = {
			isa = XCBuildConfiguration;
			buildSettings = {
				CODE_SIGN_STYLE = Automatic;
				DEVELOPMENT_TEAM = VKFLZM4DMK;
				CURRENT_PROJECT_VERSION = 1;
				ENABLE_APP_SANDBOX = YES;
				ENABLE_HARDENED_RUNTIME = YES;
				ENABLE_USER_SELECTED_FILES = readonly;
				GENERATE_INFOPLIST_FILE = YES;
				INFOPLIST_FILE = "macOS (Extension)/Info.plist";
				INFOPLIST_KEY_CFBundleDisplayName = "AI Web Translator Extension";
				INFOPLIST_KEY_NSHumanReadableCopyright = "";
				LD_RUNPATH_SEARCH_PATHS = (
					"$(inherited)",
					"@executable_path/../Frameworks",
					"@executable_path/../../../../Frameworks",
				);
				MACOSX_DEPLOYMENT_TARGET = 10.14;
				MARKETING_VERSION = 1.0;
				OTHER_LDFLAGS = (
					"-framework",
					SafariServices,
				);
				PRODUCT_BUNDLE_IDENTIFIER = "com.yourcompany.ai-web-translator.Extension";
				PRODUCT_NAME = "AI Web Translator Extension";
				SDKROOT = macosx;
				SKIP_INSTALL = YES;
				STRING_CATALOG_GENERATE_SYMBOLS = YES;
				SWIFT_APPROACHABLE_CONCURRENCY = YES;
				SWIFT_EMIT_LOC_STRINGS = YES;
				SWIFT_UPCOMING_FEATURE_MEMBER_IMPORT_VISIBILITY = YES;
				SWIFT_VERSION = 5.0;
			};
			name = Release;
		};
		91BC25AF2F6F95A200C4B284 /* Debug */ = {
			isa = XCBuildConfiguration;
			buildSettings = {
				ASSETCATALOG_COMPILER_APPICON_NAME = AppIcon;
				ASSETCATALOG_COMPILER_GLOBAL_ACCENT_COLOR_NAME = AccentColor;
				CODE_SIGN_STYLE = Automatic;
				DEVELOPMENT_TEAM = VKFLZM4DMK;
				CURRENT_PROJECT_VERSION = 1;
				ENABLE_APP_SANDBOX = YES;
				ENABLE_HARDENED_RUNTIME = YES;
				ENABLE_OUTGOING_NETWORK_CONNECTIONS = YES;
				ENABLE_USER_SELECTED_FILES = readonly;
				GENERATE_INFOPLIST_FILE = YES;
				INFOPLIST_FILE = "macOS (App)/Info.plist";
				INFOPLIST_KEY_CFBundleDisplayName = "AI Web Translator";
				INFOPLIST_KEY_NSMainStoryboardFile = Main;
				INFOPLIST_KEY_NSPrincipalClass = NSApplication;
				LD_RUNPATH_SEARCH_PATHS = (
					"$(inherited)",
					"@executable_path/../Frameworks",
				);
				MACOSX_DEPLOYMENT_TARGET = 10.14;
				MARKETING_VERSION = 1.0;
				OTHER_LDFLAGS = (
					"-framework",
					SafariServices,
					"-framework",
					WebKit,
				);
				PRODUCT_BUNDLE_IDENTIFIER = "com.yourcompany.ai-web-translator";
				PRODUCT_NAME = "AI Web Translator";
				REGISTER_APP_GROUPS = YES;
				SDKROOT = macosx;
				STRING_CATALOG_GENERATE_SYMBOLS = YES;
				SWIFT_APPROACHABLE_CONCURRENCY = YES;
				SWIFT_DEFAULT_ACTOR_ISOLATION = MainActor;
				SWIFT_EMIT_LOC_STRINGS = YES;
				SWIFT_UPCOMING_FEATURE_MEMBER_IMPORT_VISIBILITY = YES;
				SWIFT_VERSION = 5.0;
			};
			name = Debug;
		};
		91BC25B02F6F95A200C4B284 /* Release */ = {
			isa = XCBuildConfiguration;
			buildSettings = {
				ASSETCATALOG_COMPILER_APPICON_NAME = AppIcon;
				ASSETCATALOG_COMPILER_GLOBAL_ACCENT_COLOR_NAME = AccentColor;
				CODE_SIGN_STYLE = Automatic;
				DEVELOPMENT_TEAM = VKFLZM4DMK;
				CURRENT_PROJECT_VERSION = 1;
				ENABLE_APP_SANDBOX = YES;
				ENABLE_HARDENED_RUNTIME = YES;
				ENABLE_OUTGOING_NETWORK_CONNECTIONS = YES;
				ENABLE_USER_SELECTED_FILES = readonly;
				GENERATE_INFOPLIST_FILE = YES;
				INFOPLIST_FILE = "macOS (App)/Info.plist";
				INFOPLIST_KEY_CFBundleDisplayName = "AI Web Translator";
				INFOPLIST_KEY_NSMainStoryboardFile = Main;
				INFOPLIST_KEY_NSPrincipalClass = NSApplication;
				LD_RUNPATH_SEARCH_PATHS = (
					"$(inherited)",
					"@executable_path/../Frameworks",
				);
				MACOSX_DEPLOYMENT_TARGET = 10.14;
				MARKETING_VERSION = 1.0;
				OTHER_LDFLAGS = (
					"-framework",
					SafariServices,
					"-framework",
					WebKit,
				);
				PRODUCT_BUNDLE_IDENTIFIER = "com.yourcompany.ai-web-translator";
				PRODUCT_NAME = "AI Web Translator";
				REGISTER_APP_GROUPS = YES;
				SDKROOT = macosx;
				STRING_CATALOG_GENERATE_SYMBOLS = YES;
				SWIFT_APPROACHABLE_CONCURRENCY = YES;
				SWIFT_DEFAULT_ACTOR_ISOLATION = MainActor;
				SWIFT_EMIT_LOC_STRINGS = YES;
				SWIFT_UPCOMING_FEATURE_MEMBER_IMPORT_VISIBILITY = YES;
				SWIFT_VERSION = 5.0;
			};
			name = Release;
		};
/* End XCBuildConfiguration section */

/* Begin XCConfigurationList section */
		91BC25552F6F95A100C4B284 /* Build configuration list for PBXProject "AI Web Translator" */ = {
			isa = XCConfigurationList;
			buildConfigurations = (
				91BC25A12F6F95A200C4B284 /* Debug */,
				91BC25A22F6F95A200C4B284 /* Release */,
			);
			defaultConfigurationIsVisible = 0;
			defaultConfigurationName = Release;
		};
		91BC25A32F6F95A200C4B284 /* Build configuration list for PBXNativeTarget "AI Web Translator Extension (iOS)" */ = {
			isa = XCConfigurationList;
			buildConfigurations = (
				91BC25A42F6F95A200C4B284 /* Debug */,
				91BC25A52F6F95A200C4B284 /* Release */,
			);
			defaultConfigurationIsVisible = 0;
			defaultConfigurationName = Release;
		};
		91BC25A72F6F95A200C4B284 /* Build configuration list for PBXNativeTarget "AI Web Translator (iOS)" */ = {
			isa = XCConfigurationList;
			buildConfigurations = (
				91BC25A82F6F95A200C4B284 /* Debug */,
				91BC25A92F6F95A200C4B284 /* Release */,
			);
			defaultConfigurationIsVisible = 0;
			defaultConfigurationName = Release;
		};
		91BC25AA2F6F95A200C4B284 /* Build configuration list for PBXNativeTarget "AI Web Translator Extension (macOS)" */ = {
			isa = XCConfigurationList;
			buildConfigurations = (
				91BC25AB2F6F95A200C4B284 /* Debug */,
				91BC25AC2F6F95A200C4B284 /* Release */,
			);
			defaultConfigurationIsVisible = 0;
			defaultConfigurationName = Release;
		};
		91BC25AE2F6F95A200C4B284 /* Build configuration list for PBXNativeTarget "AI Web Translator (macOS)" */ = {
			isa = XCConfigurationList;
			buildConfigurations = (
				91BC25AF2F6F95A200C4B284 /* Debug */,
				91BC25B02F6F95A200C4B284 /* Release */,
			);
			defaultConfigurationIsVisible = 0;
			defaultConfigurationName = Release;
		};
/* End XCConfigurationList section */
	};
	rootObject = 91BC25522F6F95A100C4B284 /* Project object */;
}
